<?xml version="1.0" encoding="UTF-8" standalone="yes" ?>
<CodeBlocks_project_file>
	<FileVersion major="1" minor="6" />
	<Project>
		<Option title="orthoTexture" />
		<Option pch_mode="2" />
		<Option compiler="gcc" />
		<Build>
			<Target title="Debug">
				<Option output="" prefix_auto="1" extension_auto="1" />
				<Option object_output="obj\Debug\" />
				<Option type="1" />
				<Option compiler="gcc" />
				<Option parameters='-config &quot;$(SGCT_ROOT_DIR)\config\single.xml&quot;' />
				<Option projectLinkerOptionsRelation="2" />
				<Compiler>
					<Add option="-g" />
					<Add option="-std=c++11" />
					<Add option="-m32" />
				</Compiler>
				<Linker>
					<Add option="-m32" />
					<Add library="sgctd" />
				</Linker>
			</Target>
			<Target title="Release">
				<Option output="" prefix_auto="1" extension_auto="1" />
				<Option object_output="obj\Release\" />
				<Option type="1" />
				<Option compiler="gcc" />
				<Option parameters='-config &quot;$(SGCT_ROOT_DIR)\config\single.xml&quot;' />
				<Option projectLinkerOptionsRelation="2" />
				<Compiler>
					<Add option="-O3" />
					<Add option="-std=c++11" />
					<Add option="-m32" />
				</Compiler>
				<Linker>
					<Add option="-m32" />
					<Add library="sgct" />
				</Linker>
			</Target>
		</Build>
		<Compiler>
			<Add option="-O3" />
			<Add option="-Wall" />
			<Add option="-D__WIN32__" />
			<Add directory="$(SGCT_ROOT_DIR)\include" />
		</Compiler>
		<Linker>
			<Add option="-static-libgcc" />
			<Add option="-static-libstdc++" />
			<Add library="opengl32" />
			<Add library="gdi32" />
			<Add library="ws2_32" />
			<Add directory="$(SGCT_ROOT_DIR)\lib\mingw" />
		</Linker>
		<Unit filename="main.cpp" />
		<Extensions>
			<code_completion />
			<debugger />
			<envvars />
		</Extensions>
	</Project>
</CodeBlocks_project_file>
