
Microsoft Visual Studio Solution File, Format Version 12.00
# Visual Studio 2012
Project("{FAE04EC0-301F-11D3-BF4B-00C04F79EFBC}") = "Stitcher_GUI_msvc11", "Stitcher_GUI_msvc11\Stitcher_GUI_msvc11.csproj", "{45C41B1D-13E9-49EB-84AB-A0B4A915FD13}"
EndProject
Global
	GlobalSection(SolutionConfigurationPlatforms) = preSolution
		Debug|Any CPU = Debug|Any CPU
		Release|Any CPU = Release|Any CPU
	EndGlobalSection
	GlobalSection(ProjectConfigurationPlatforms) = postSolution
		{45C41B1D-13E9-49EB-84AB-A0B4A915FD13}.Debug|Any CPU.ActiveCfg = Debug|Any CPU
		{45C41B1D-13E9-49EB-84AB-A0B4A915FD13}.Debug|Any CPU.Build.0 = Debug|Any CPU
		{45C41B1D-13E9-49EB-84AB-A0B4A915FD13}.Release|Any CPU.ActiveCfg = Release|Any CPU
		{45C41B1D-13E9-49EB-84AB-A0B4A915FD13}.Release|Any CPU.Build.0 = Release|Any CPU
	EndGlobalSection
	GlobalSection(SolutionProperties) = preSolution
		HideSolutionNode = FALSE
	EndGlobalSection
EndGlobal
