
Microsoft Visual Studio Solution File, Format Version 11.00
# Visual Studio 2010
Project("{8BC9CEB8-8B4A-11D0-8D11-00A0C91BC942}") = "heightMappingExample_msvc10", "heightMappingExample_msvc10.vcxproj", "{DE236993-0678-4638-8180-39DE3D8B74C7}"
EndProject
Global
	GlobalSection(SolutionConfigurationPlatforms) = preSolution
		Debug|Win32 = Debug|Win32
		Release|Win32 = Release|Win32
	EndGlobalSection
	GlobalSection(ProjectConfigurationPlatforms) = postSolution
		{DE236993-0678-4638-8180-39DE3D8B74C7}.Debug|Win32.ActiveCfg = Debug|Win32
		{DE236993-0678-4638-8180-39DE3D8B74C7}.Debug|Win32.Build.0 = Debug|Win32
		{DE236993-0678-4638-8180-39DE3D8B74C7}.Release|Win32.ActiveCfg = Release|Win32
		{DE236993-0678-4638-8180-39DE3D8B74C7}.Release|Win32.Build.0 = Release|Win32
	EndGlobalSection
	GlobalSection(SolutionProperties) = preSolution
		HideSolutionNode = FALSE
	EndGlobalSection
EndGlobal
