<?xml version="1.0" encoding="UTF-8" standalone="yes" ?>
<CodeBlocks_project_file>
	<FileVersion major="1" minor="6" />
	<Project>
		<Option title="sgct" />
		<Option platforms="Windows;" />
		<Option pch_mode="2" />
		<Option compiler="gcc" />
		<Build>
			<Target title="Debug">
				<Option platforms="Windows;" />
				<Option output="lib\libsgct32_light" prefix_auto="1" extension_auto="1" />
				<Option working_dir="" />
				<Option object_output="obj\Debug\" />
				<Option type="2" />
				<Option compiler="gcc" />
				<Option createDefFile="1" />
				<Compiler>
					<Add option="-Wall" />
					<Add option="-g" />
				</Compiler>
			</Target>
			<Target title="Release">
				<Option platforms="Windows;" />
				<Option output="lib\libsgct32_light" prefix_auto="1" extension_auto="1" />
				<Option working_dir="" />
				<Option object_output="obj\Release\" />
				<Option type="2" />
				<Option compiler="gcc" />
				<Option createDefFile="1" />
				<Compiler>
					<Add option="-O3" />
				</Compiler>
				<Linker>
					<Add option="-s" />
				</Linker>
			</Target>
		</Build>
		<Compiler>
			<Add option="-O3" />
			<Add option="-std=c++0x" />
			<Add option="-Wall" />
			<Add option="-DGLEW_STATIC" />
			<Add directory="..\deps\mingw\include" />
		</Compiler>
		<Linker>
			<Add option="-static" />
			<Add library="glew32" />
			<Add library="glfw" />
			<Add library="glu32" />
			<Add library="opengl32" />
			<Add library="freetype" />
			<Add library="png" />
			<Add library="z" />
			<Add library="tinyxml" />
			<Add library="ws2_32" />
			<Add library="gdi32" />
			<Add directory="..\deps\mingw\lib" />
		</Linker>
		<Unit filename="include\sgct.h" />
		<Unit filename="include\sgct\Engine.h" />
		<Unit filename="include\sgct\Font.h" />
		<Unit filename="include\sgct\FontManager.h" />
		<Unit filename="include\sgct\Frustum.h" />
		<Unit filename="include\sgct\Image.h" />
		<Unit filename="include\sgct\MessageHandler.h" />
		<Unit filename="include\sgct\NetworkManager.h" />
		<Unit filename="include\sgct\NodeManager.h" />
		<Unit filename="include\sgct\Point3.h" />
		<Unit filename="include\sgct\ReadConfig.h" />
		<Unit filename="include\sgct\SGCTNetwork.h" />
		<Unit filename="include\sgct\SGCTNode.h" />
		<Unit filename="include\sgct\SGCTWindow.h" />
		<Unit filename="include\sgct\Shader.h" />
		<Unit filename="include\sgct\ShaderManager.h" />
		<Unit filename="include\sgct\ShaderProgram.h" />
		<Unit filename="include\sgct\SharedData.h" />
		<Unit filename="include\sgct\Statistics.h" />
		<Unit filename="include\sgct\TextureManager.h" />
		<Unit filename="include\sgct\User.h" />
		<Unit filename="include\sgct\Viewport.h" />
		<Unit filename="include\sgct\freetype.h" />
		<Unit filename="src\Engine.cpp" />
		<Unit filename="src\Font.cpp" />
		<Unit filename="src\FontManager.cpp" />
		<Unit filename="src\Image.cpp" />
		<Unit filename="src\MessageHandler.cpp" />
		<Unit filename="src\NetworkManager.cpp" />
		<Unit filename="src\NodeManager.cpp" />
		<Unit filename="src\ReadConfig.cpp" />
		<Unit filename="src\SGCTNetwork.cpp" />
		<Unit filename="src\SGCTNode.cpp" />
		<Unit filename="src\SGCTWindow.cpp" />
		<Unit filename="src\Shader.cpp" />
		<Unit filename="src\ShaderManager.cpp" />
		<Unit filename="src\ShaderProgram.cpp" />
		<Unit filename="src\SharedData.cpp" />
		<Unit filename="src\Statistics.cpp" />
		<Unit filename="src\TextureManager.cpp" />
		<Unit filename="src\freetype.cpp" />
		<Extensions>
			<code_completion />
			<envvars />
			<debugger />
			<lib_finder disable_auto="1" />
		</Extensions>
	</Project>
</CodeBlocks_project_file>
