
Microsoft Visual Studio Solution File, Format Version 12.00
# Visual Studio 2013
VisualStudioVersion = 12.0.21005.1
MinimumVisualStudioVersion = 10.0.40219.1
Project("{8BC9CEB8-8B4A-11D0-8D11-00A0C91BC942}") = "clustertest_msvc12", "..\apps\clustertest\clustertest_msvc12.vcxproj", "{8303EDAB-3F90-4302-81FB-C5F58923E993}"
EndProject
Project("{8BC9CEB8-8B4A-11D0-8D11-00A0C91BC942}") = "example1_msvc12", "..\apps\example1\example1_msvc12.vcxproj", "{5BC33817-096A-4D0B-9A29-D581DF4BF3B5}"
EndProject
Project("{8BC9CEB8-8B4A-11D0-8D11-00A0C91BC942}") = "example1_opengl3_msvc12", "..\apps\example1_opengl3\example1_opengl3_msvc12.vcxproj", "{25AD89C3-9623-4C06-9220-CCF90A309247}"
EndProject
Project("{8BC9CEB8-8B4A-11D0-8D11-00A0C91BC942}") = "fisheyeTest_msvc12", "..\apps\fisheyeTest\fisheyeTest_msvc12.vcxproj", "{16DF74E0-DA1B-4529-9133-40BEED0F2663}"
EndProject
Project("{8BC9CEB8-8B4A-11D0-8D11-00A0C91BC942}") = "gamepadExample_msvc12", "..\apps\gamepadExample\gamepadExample_msvc12.vcxproj", "{D8AC29F1-18C8-4288-980B-85C1BE802723}"
EndProject
Project("{8BC9CEB8-8B4A-11D0-8D11-00A0C91BC942}") = "heightMappingExample_msvc12", "..\apps\heightMappingExample\heightMappingExample_msvc12.vcxproj", "{28CDBB93-E6A1-4631-9CDC-B9F9AA9C1E66}"
EndProject
Project("{8BC9CEB8-8B4A-11D0-8D11-00A0C91BC942}") = "heightMappingExample_opengl3_msvc12", "..\apps\heightMappingExample_opengl3\heightMappingExample_opengl3_msvc12.vcxproj", "{F2372A65-958D-40A1-87B0-4F2D73586AA5}"
EndProject
Project("{8BC9CEB8-8B4A-11D0-8D11-00A0C91BC942}") = "kinectExample_msvc12", "..\apps\kinectExample\kinectExample_msvc12.vcxproj", "{9D7FDBEA-3F54-4ED3-8D17-EDDF684DD2AE}"
EndProject
Project("{8BC9CEB8-8B4A-11D0-8D11-00A0C91BC942}") = "orthoTexture_msvc12", "..\apps\orthoTexture\orthoTexture_msvc12.vcxproj", "{3476788D-9DFE-42B9-8500-5E01AFFBD1A7}"
EndProject
Project("{8BC9CEB8-8B4A-11D0-8D11-00A0C91BC942}") = "postFXExample_msvc12", "..\apps\postFXExample\postFXExample_msvc12.vcxproj", "{D6FBAB62-5431-403D-BCAD-B7A51C355524}"
EndProject
Project("{8BC9CEB8-8B4A-11D0-8D11-00A0C91BC942}") = "postFXExample_opengl3_msvc12", "..\apps\postFXExample_opengl3\postFXExample_opengl3_msvc12.vcxproj", "{9184185B-C22C-4B40-9305-A2B2E194F238}"
EndProject
Project("{8BC9CEB8-8B4A-11D0-8D11-00A0C91BC942}") = "renderToTexture_msvc12", "..\apps\renderToTexture\renderToTexture_msvc12.vcxproj", "{852061D1-ECFB-44F0-9777-E5CABC673C65}"
EndProject
Project("{8BC9CEB8-8B4A-11D0-8D11-00A0C91BC942}") = "sgct_template_msvc12", "..\apps\sgct_template\sgct_template_msvc12.vcxproj", "{AB458C1A-3A5E-4B4A-9EBD-BA72DFAB1EA3}"
EndProject
Project("{8BC9CEB8-8B4A-11D0-8D11-00A0C91BC942}") = "remote_app_msvc12", "..\apps\SGCTRemote\remote_app_msvc12.vcxproj", "{6DD074E9-1C39-4213-9EE6-81244BF78658}"
EndProject
Project("{8BC9CEB8-8B4A-11D0-8D11-00A0C91BC942}") = "simpleNavigationExample_msvc12", "..\apps\simpleNavigationExample\simpleNavigationExample_msvc12.vcxproj", "{02B27D41-F95E-41A2-8506-727AD708EA8D}"
EndProject
Project("{8BC9CEB8-8B4A-11D0-8D11-00A0C91BC942}") = "simpleShaderExample_msvc12", "..\apps\simpleShaderExample\simpleShaderExample_msvc12.vcxproj", "{19D4BC5F-8354-46CE-9582-98C157ADB0C7}"
EndProject
Project("{8BC9CEB8-8B4A-11D0-8D11-00A0C91BC942}") = "simpleShaderExample_opengl3_msvc12", "..\apps\simpleShaderExample_opengl3\simpleShaderExample_opengl3_msvc12.vcxproj", "{954E8B1D-3290-414F-A2D5-E17DCC9B0D1C}"
EndProject
Project("{8BC9CEB8-8B4A-11D0-8D11-00A0C91BC942}") = "simpleShading_msvc12", "..\apps\simpleShading\simpleShading_msvc12.vcxproj", "{C8F4CDC0-90DE-4625-B0B0-45C9F41BA563}"
EndProject
Project("{8BC9CEB8-8B4A-11D0-8D11-00A0C91BC942}") = "textureExample_msvc12", "..\apps\textureExample\textureExample_msvc12.vcxproj", "{3D99BB84-BF86-4568-9FAB-0DA78BB0B75D}"
EndProject
Project("{8BC9CEB8-8B4A-11D0-8D11-00A0C91BC942}") = "textureExample_opengl3_msvc12", "..\apps\textureExample_opengl3\textureExample_opengl3_msvc12.vcxproj", "{1CA10C7F-EFD8-463C-A6FD-FC761FE28849}"
EndProject
Project("{8BC9CEB8-8B4A-11D0-8D11-00A0C91BC942}") = "trackingExample_msvc12", "..\apps\trackingExample\trackingExample_msvc12.vcxproj", "{D9DC6E0D-9292-43CC-BDFF-3C73919CE060}"
EndProject
Project("{8BC9CEB8-8B4A-11D0-8D11-00A0C91BC942}") = "stitcher_msvc12", "..\apps\stitcher\stitcher_msvc12.vcxproj", "{A0F19194-C413-49D3-AEAF-46F085E839BA}"
EndProject
Project("{8BC9CEB8-8B4A-11D0-8D11-00A0C91BC942}") = "soundExample_msvc12", "..\apps\soundExample\soundExample_msvc12.vcxproj", "{C25E2CDC-64CC-4D87-9E98-6C2061B49469}"
EndProject
Project("{8BC9CEB8-8B4A-11D0-8D11-00A0C91BC942}") = "calibrator_msvc12", "..\apps\calibrator\calibrator_msvc12.vcxproj", "{4574F36B-3CD0-4F1F-A054-8ABBC383B688}"
EndProject
Project("{FAE04EC0-301F-11D3-BF4B-00C04F79EFBC}") = "SGCTRemote", "..\apps\SGCTRemote\SGCTRemote_GUI\SGCTRemote.csproj", "{04133D23-23FE-4A38-892A-B579BAD8303B}"
EndProject
Project("{8BC9CEB8-8B4A-11D0-8D11-00A0C91BC942}") = "depthBufferExample_msvc12", "..\apps\depthBuffer\depthBufferExample_msvc12.vcxproj", "{8C0E3221-DF35-4CEF-8A8C-C491F756C5AE}"
EndProject
Project("{8BC9CEB8-8B4A-11D0-8D11-00A0C91BC942}") = "MRTExample_msvc12", "..\apps\MRTExample\MRTExample_msvc12.vcxproj", "{052EED7C-8807-46EC-A66E-907488B9F47D}"
EndProject
Project("{8BC9CEB8-8B4A-11D0-8D11-00A0C91BC942}") = "MRTExample_opengl3_msvc12", "..\apps\MRTExample_opengl3\MRTExample_opengl3_msvc12.vcxproj", "{6E8772D0-0F49-4587-B9D4-6DD4E1F705B1}"
EndProject
Global
	GlobalSection(SolutionConfigurationPlatforms) = preSolution
		Debug|Mixed Platforms = Debug|Mixed Platforms
		Debug|Win32 = Debug|Win32
		Debug|x64 = Debug|x64
		Debug|x86 = Debug|x86
		Release|Mixed Platforms = Release|Mixed Platforms
		Release|Win32 = Release|Win32
		Release|x64 = Release|x64
		Release|x86 = Release|x86
	EndGlobalSection
	GlobalSection(ProjectConfigurationPlatforms) = postSolution
		{8303EDAB-3F90-4302-81FB-C5F58923E993}.Debug|Mixed Platforms.ActiveCfg = Debug|Win32
		{8303EDAB-3F90-4302-81FB-C5F58923E993}.Debug|Mixed Platforms.Build.0 = Debug|Win32
		{8303EDAB-3F90-4302-81FB-C5F58923E993}.Debug|Win32.ActiveCfg = Debug|Win32
		{8303EDAB-3F90-4302-81FB-C5F58923E993}.Debug|Win32.Build.0 = Debug|Win32
		{8303EDAB-3F90-4302-81FB-C5F58923E993}.Debug|x64.ActiveCfg = Debug|x64
		{8303EDAB-3F90-4302-81FB-C5F58923E993}.Debug|x64.Build.0 = Debug|x64
		{8303EDAB-3F90-4302-81FB-C5F58923E993}.Debug|x86.ActiveCfg = Debug|Win32
		{8303EDAB-3F90-4302-81FB-C5F58923E993}.Debug|x86.Build.0 = Debug|Win32
		{8303EDAB-3F90-4302-81FB-C5F58923E993}.Release|Mixed Platforms.ActiveCfg = Release|Win32
		{8303EDAB-3F90-4302-81FB-C5F58923E993}.Release|Mixed Platforms.Build.0 = Release|Win32
		{8303EDAB-3F90-4302-81FB-C5F58923E993}.Release|Win32.ActiveCfg = Release|Win32
		{8303EDAB-3F90-4302-81FB-C5F58923E993}.Release|Win32.Build.0 = Release|Win32
		{8303EDAB-3F90-4302-81FB-C5F58923E993}.Release|x64.ActiveCfg = Release|x64
		{8303EDAB-3F90-4302-81FB-C5F58923E993}.Release|x64.Build.0 = Release|x64
		{8303EDAB-3F90-4302-81FB-C5F58923E993}.Release|x86.ActiveCfg = Release|Win32
		{8303EDAB-3F90-4302-81FB-C5F58923E993}.Release|x86.Build.0 = Release|Win32
		{5BC33817-096A-4D0B-9A29-D581DF4BF3B5}.Debug|Mixed Platforms.ActiveCfg = Debug|Win32
		{5BC33817-096A-4D0B-9A29-D581DF4BF3B5}.Debug|Mixed Platforms.Build.0 = Debug|Win32
		{5BC33817-096A-4D0B-9A29-D581DF4BF3B5}.Debug|Win32.ActiveCfg = Debug|Win32
		{5BC33817-096A-4D0B-9A29-D581DF4BF3B5}.Debug|Win32.Build.0 = Debug|Win32
		{5BC33817-096A-4D0B-9A29-D581DF4BF3B5}.Debug|x64.ActiveCfg = Debug|x64
		{5BC33817-096A-4D0B-9A29-D581DF4BF3B5}.Debug|x64.Build.0 = Debug|x64
		{5BC33817-096A-4D0B-9A29-D581DF4BF3B5}.Debug|x86.ActiveCfg = Debug|Win32
		{5BC33817-096A-4D0B-9A29-D581DF4BF3B5}.Debug|x86.Build.0 = Debug|Win32
		{5BC33817-096A-4D0B-9A29-D581DF4BF3B5}.Release|Mixed Platforms.ActiveCfg = Release|Win32
		{5BC33817-096A-4D0B-9A29-D581DF4BF3B5}.Release|Mixed Platforms.Build.0 = Release|Win32
		{5BC33817-096A-4D0B-9A29-D581DF4BF3B5}.Release|Win32.ActiveCfg = Release|Win32
		{5BC33817-096A-4D0B-9A29-D581DF4BF3B5}.Release|Win32.Build.0 = Release|Win32
		{5BC33817-096A-4D0B-9A29-D581DF4BF3B5}.Release|x64.ActiveCfg = Release|x64
		{5BC33817-096A-4D0B-9A29-D581DF4BF3B5}.Release|x64.Build.0 = Release|x64
		{5BC33817-096A-4D0B-9A29-D581DF4BF3B5}.Release|x86.ActiveCfg = Release|Win32
		{5BC33817-096A-4D0B-9A29-D581DF4BF3B5}.Release|x86.Build.0 = Release|Win32
		{25AD89C3-9623-4C06-9220-CCF90A309247}.Debug|Mixed Platforms.ActiveCfg = Debug|Win32
		{25AD89C3-9623-4C06-9220-CCF90A309247}.Debug|Mixed Platforms.Build.0 = Debug|Win32
		{25AD89C3-9623-4C06-9220-CCF90A309247}.Debug|Win32.ActiveCfg = Debug|Win32
		{25AD89C3-9623-4C06-9220-CCF90A309247}.Debug|Win32.Build.0 = Debug|Win32
		{25AD89C3-9623-4C06-9220-CCF90A309247}.Debug|x64.ActiveCfg = Debug|x64
		{25AD89C3-9623-4C06-9220-CCF90A309247}.Debug|x64.Build.0 = Debug|x64
		{25AD89C3-9623-4C06-9220-CCF90A309247}.Debug|x86.ActiveCfg = Debug|Win32
		{25AD89C3-9623-4C06-9220-CCF90A309247}.Debug|x86.Build.0 = Debug|Win32
		{25AD89C3-9623-4C06-9220-CCF90A309247}.Release|Mixed Platforms.ActiveCfg = Release|Win32
		{25AD89C3-9623-4C06-9220-CCF90A309247}.Release|Mixed Platforms.Build.0 = Release|Win32
		{25AD89C3-9623-4C06-9220-CCF90A309247}.Release|Win32.ActiveCfg = Release|Win32
		{25AD89C3-9623-4C06-9220-CCF90A309247}.Release|Win32.Build.0 = Release|Win32
		{25AD89C3-9623-4C06-9220-CCF90A309247}.Release|x64.ActiveCfg = Release|x64
		{25AD89C3-9623-4C06-9220-CCF90A309247}.Release|x64.Build.0 = Release|x64
		{25AD89C3-9623-4C06-9220-CCF90A309247}.Release|x86.ActiveCfg = Release|Win32
		{25AD89C3-9623-4C06-9220-CCF90A309247}.Release|x86.Build.0 = Release|Win32
		{16DF74E0-DA1B-4529-9133-40BEED0F2663}.Debug|Mixed Platforms.ActiveCfg = Debug|Win32
		{16DF74E0-DA1B-4529-9133-40BEED0F2663}.Debug|Mixed Platforms.Build.0 = Debug|Win32
		{16DF74E0-DA1B-4529-9133-40BEED0F2663}.Debug|Win32.ActiveCfg = Debug|Win32
		{16DF74E0-DA1B-4529-9133-40BEED0F2663}.Debug|Win32.Build.0 = Debug|Win32
		{16DF74E0-DA1B-4529-9133-40BEED0F2663}.Debug|x64.ActiveCfg = Debug|x64
		{16DF74E0-DA1B-4529-9133-40BEED0F2663}.Debug|x64.Build.0 = Debug|x64
		{16DF74E0-DA1B-4529-9133-40BEED0F2663}.Debug|x86.ActiveCfg = Debug|Win32
		{16DF74E0-DA1B-4529-9133-40BEED0F2663}.Debug|x86.Build.0 = Debug|Win32
		{16DF74E0-DA1B-4529-9133-40BEED0F2663}.Release|Mixed Platforms.ActiveCfg = Release|Win32
		{16DF74E0-DA1B-4529-9133-40BEED0F2663}.Release|Mixed Platforms.Build.0 = Release|Win32
		{16DF74E0-DA1B-4529-9133-40BEED0F2663}.Release|Win32.ActiveCfg = Release|Win32
		{16DF74E0-DA1B-4529-9133-40BEED0F2663}.Release|Win32.Build.0 = Release|Win32
		{16DF74E0-DA1B-4529-9133-40BEED0F2663}.Release|x64.ActiveCfg = Release|x64
		{16DF74E0-DA1B-4529-9133-40BEED0F2663}.Release|x64.Build.0 = Release|x64
		{16DF74E0-DA1B-4529-9133-40BEED0F2663}.Release|x86.ActiveCfg = Release|Win32
		{16DF74E0-DA1B-4529-9133-40BEED0F2663}.Release|x86.Build.0 = Release|Win32
		{D8AC29F1-18C8-4288-980B-85C1BE802723}.Debug|Mixed Platforms.ActiveCfg = Debug|Win32
		{D8AC29F1-18C8-4288-980B-85C1BE802723}.Debug|Mixed Platforms.Build.0 = Debug|Win32
		{D8AC29F1-18C8-4288-980B-85C1BE802723}.Debug|Win32.ActiveCfg = Debug|Win32
		{D8AC29F1-18C8-4288-980B-85C1BE802723}.Debug|Win32.Build.0 = Debug|Win32
		{D8AC29F1-18C8-4288-980B-85C1BE802723}.Debug|x64.ActiveCfg = Debug|x64
		{D8AC29F1-18C8-4288-980B-85C1BE802723}.Debug|x64.Build.0 = Debug|x64
		{D8AC29F1-18C8-4288-980B-85C1BE802723}.Debug|x86.ActiveCfg = Debug|Win32
		{D8AC29F1-18C8-4288-980B-85C1BE802723}.Debug|x86.Build.0 = Debug|Win32
		{D8AC29F1-18C8-4288-980B-85C1BE802723}.Release|Mixed Platforms.ActiveCfg = Release|Win32
		{D8AC29F1-18C8-4288-980B-85C1BE802723}.Release|Mixed Platforms.Build.0 = Release|Win32
		{D8AC29F1-18C8-4288-980B-85C1BE802723}.Release|Win32.ActiveCfg = Release|Win32
		{D8AC29F1-18C8-4288-980B-85C1BE802723}.Release|Win32.Build.0 = Release|Win32
		{D8AC29F1-18C8-4288-980B-85C1BE802723}.Release|x64.ActiveCfg = Release|x64
		{D8AC29F1-18C8-4288-980B-85C1BE802723}.Release|x64.Build.0 = Release|x64
		{D8AC29F1-18C8-4288-980B-85C1BE802723}.Release|x86.ActiveCfg = Release|Win32
		{D8AC29F1-18C8-4288-980B-85C1BE802723}.Release|x86.Build.0 = Release|Win32
		{28CDBB93-E6A1-4631-9CDC-B9F9AA9C1E66}.Debug|Mixed Platforms.ActiveCfg = Debug|Win32
		{28CDBB93-E6A1-4631-9CDC-B9F9AA9C1E66}.Debug|Mixed Platforms.Build.0 = Debug|Win32
		{28CDBB93-E6A1-4631-9CDC-B9F9AA9C1E66}.Debug|Win32.ActiveCfg = Debug|Win32
		{28CDBB93-E6A1-4631-9CDC-B9F9AA9C1E66}.Debug|Win32.Build.0 = Debug|Win32
		{28CDBB93-E6A1-4631-9CDC-B9F9AA9C1E66}.Debug|x64.ActiveCfg = Debug|x64
		{28CDBB93-E6A1-4631-9CDC-B9F9AA9C1E66}.Debug|x64.Build.0 = Debug|x64
		{28CDBB93-E6A1-4631-9CDC-B9F9AA9C1E66}.Debug|x86.ActiveCfg = Debug|Win32
		{28CDBB93-E6A1-4631-9CDC-B9F9AA9C1E66}.Debug|x86.Build.0 = Debug|Win32
		{28CDBB93-E6A1-4631-9CDC-B9F9AA9C1E66}.Release|Mixed Platforms.ActiveCfg = Release|Win32
		{28CDBB93-E6A1-4631-9CDC-B9F9AA9C1E66}.Release|Mixed Platforms.Build.0 = Release|Win32
		{28CDBB93-E6A1-4631-9CDC-B9F9AA9C1E66}.Release|Win32.ActiveCfg = Release|Win32
		{28CDBB93-E6A1-4631-9CDC-B9F9AA9C1E66}.Release|Win32.Build.0 = Release|Win32
		{28CDBB93-E6A1-4631-9CDC-B9F9AA9C1E66}.Release|x64.ActiveCfg = Release|x64
		{28CDBB93-E6A1-4631-9CDC-B9F9AA9C1E66}.Release|x64.Build.0 = Release|x64
		{28CDBB93-E6A1-4631-9CDC-B9F9AA9C1E66}.Release|x86.ActiveCfg = Release|Win32
		{28CDBB93-E6A1-4631-9CDC-B9F9AA9C1E66}.Release|x86.Build.0 = Release|Win32
		{F2372A65-958D-40A1-87B0-4F2D73586AA5}.Debug|Mixed Platforms.ActiveCfg = Debug|Win32
		{F2372A65-958D-40A1-87B0-4F2D73586AA5}.Debug|Mixed Platforms.Build.0 = Debug|Win32
		{F2372A65-958D-40A1-87B0-4F2D73586AA5}.Debug|Win32.ActiveCfg = Debug|Win32
		{F2372A65-958D-40A1-87B0-4F2D73586AA5}.Debug|Win32.Build.0 = Debug|Win32
		{F2372A65-958D-40A1-87B0-4F2D73586AA5}.Debug|x64.ActiveCfg = Debug|x64
		{F2372A65-958D-40A1-87B0-4F2D73586AA5}.Debug|x64.Build.0 = Debug|x64
		{F2372A65-958D-40A1-87B0-4F2D73586AA5}.Debug|x86.ActiveCfg = Debug|Win32
		{F2372A65-958D-40A1-87B0-4F2D73586AA5}.Debug|x86.Build.0 = Debug|Win32
		{F2372A65-958D-40A1-87B0-4F2D73586AA5}.Release|Mixed Platforms.ActiveCfg = Release|Win32
		{F2372A65-958D-40A1-87B0-4F2D73586AA5}.Release|Mixed Platforms.Build.0 = Release|Win32
		{F2372A65-958D-40A1-87B0-4F2D73586AA5}.Release|Win32.ActiveCfg = Release|Win32
		{F2372A65-958D-40A1-87B0-4F2D73586AA5}.Release|Win32.Build.0 = Release|Win32
		{F2372A65-958D-40A1-87B0-4F2D73586AA5}.Release|x64.ActiveCfg = Release|x64
		{F2372A65-958D-40A1-87B0-4F2D73586AA5}.Release|x64.Build.0 = Release|x64
		{F2372A65-958D-40A1-87B0-4F2D73586AA5}.Release|x86.ActiveCfg = Release|Win32
		{F2372A65-958D-40A1-87B0-4F2D73586AA5}.Release|x86.Build.0 = Release|Win32
		{9D7FDBEA-3F54-4ED3-8D17-EDDF684DD2AE}.Debug|Mixed Platforms.ActiveCfg = Debug|Win32
		{9D7FDBEA-3F54-4ED3-8D17-EDDF684DD2AE}.Debug|Mixed Platforms.Build.0 = Debug|Win32
		{9D7FDBEA-3F54-4ED3-8D17-EDDF684DD2AE}.Debug|Win32.ActiveCfg = Debug|Win32
		{9D7FDBEA-3F54-4ED3-8D17-EDDF684DD2AE}.Debug|Win32.Build.0 = Debug|Win32
		{9D7FDBEA-3F54-4ED3-8D17-EDDF684DD2AE}.Debug|x64.ActiveCfg = Debug|x64
		{9D7FDBEA-3F54-4ED3-8D17-EDDF684DD2AE}.Debug|x64.Build.0 = Debug|x64
		{9D7FDBEA-3F54-4ED3-8D17-EDDF684DD2AE}.Debug|x86.ActiveCfg = Debug|Win32
		{9D7FDBEA-3F54-4ED3-8D17-EDDF684DD2AE}.Debug|x86.Build.0 = Debug|Win32
		{9D7FDBEA-3F54-4ED3-8D17-EDDF684DD2AE}.Release|Mixed Platforms.ActiveCfg = Release|Win32
		{9D7FDBEA-3F54-4ED3-8D17-EDDF684DD2AE}.Release|Mixed Platforms.Build.0 = Release|Win32
		{9D7FDBEA-3F54-4ED3-8D17-EDDF684DD2AE}.Release|Win32.ActiveCfg = Release|Win32
		{9D7FDBEA-3F54-4ED3-8D17-EDDF684DD2AE}.Release|Win32.Build.0 = Release|Win32
		{9D7FDBEA-3F54-4ED3-8D17-EDDF684DD2AE}.Release|x64.ActiveCfg = Release|x64
		{9D7FDBEA-3F54-4ED3-8D17-EDDF684DD2AE}.Release|x64.Build.0 = Release|x64
		{9D7FDBEA-3F54-4ED3-8D17-EDDF684DD2AE}.Release|x86.ActiveCfg = Release|Win32
		{9D7FDBEA-3F54-4ED3-8D17-EDDF684DD2AE}.Release|x86.Build.0 = Release|Win32
		{3476788D-9DFE-42B9-8500-5E01AFFBD1A7}.Debug|Mixed Platforms.ActiveCfg = Debug|Win32
		{3476788D-9DFE-42B9-8500-5E01AFFBD1A7}.Debug|Mixed Platforms.Build.0 = Debug|Win32
		{3476788D-9DFE-42B9-8500-5E01AFFBD1A7}.Debug|Win32.ActiveCfg = Debug|Win32
		{3476788D-9DFE-42B9-8500-5E01AFFBD1A7}.Debug|Win32.Build.0 = Debug|Win32
		{3476788D-9DFE-42B9-8500-5E01AFFBD1A7}.Debug|x64.ActiveCfg = Debug|x64
		{3476788D-9DFE-42B9-8500-5E01AFFBD1A7}.Debug|x64.Build.0 = Debug|x64
		{3476788D-9DFE-42B9-8500-5E01AFFBD1A7}.Debug|x86.ActiveCfg = Debug|Win32
		{3476788D-9DFE-42B9-8500-5E01AFFBD1A7}.Debug|x86.Build.0 = Debug|Win32
		{3476788D-9DFE-42B9-8500-5E01AFFBD1A7}.Release|Mixed Platforms.ActiveCfg = Release|Win32
		{3476788D-9DFE-42B9-8500-5E01AFFBD1A7}.Release|Mixed Platforms.Build.0 = Release|Win32
		{3476788D-9DFE-42B9-8500-5E01AFFBD1A7}.Release|Win32.ActiveCfg = Release|Win32
		{3476788D-9DFE-42B9-8500-5E01AFFBD1A7}.Release|Win32.Build.0 = Release|Win32
		{3476788D-9DFE-42B9-8500-5E01AFFBD1A7}.Release|x64.ActiveCfg = Release|x64
		{3476788D-9DFE-42B9-8500-5E01AFFBD1A7}.Release|x64.Build.0 = Release|x64
		{3476788D-9DFE-42B9-8500-5E01AFFBD1A7}.Release|x86.ActiveCfg = Release|Win32
		{3476788D-9DFE-42B9-8500-5E01AFFBD1A7}.Release|x86.Build.0 = Release|Win32
		{D6FBAB62-5431-403D-BCAD-B7A51C355524}.Debug|Mixed Platforms.ActiveCfg = Debug|Win32
		{D6FBAB62-5431-403D-BCAD-B7A51C355524}.Debug|Mixed Platforms.Build.0 = Debug|Win32
		{D6FBAB62-5431-403D-BCAD-B7A51C355524}.Debug|Win32.ActiveCfg = Debug|Win32
		{D6FBAB62-5431-403D-BCAD-B7A51C355524}.Debug|Win32.Build.0 = Debug|Win32
		{D6FBAB62-5431-403D-BCAD-B7A51C355524}.Debug|x64.ActiveCfg = Debug|x64
		{D6FBAB62-5431-403D-BCAD-B7A51C355524}.Debug|x64.Build.0 = Debug|x64
		{D6FBAB62-5431-403D-BCAD-B7A51C355524}.Debug|x86.ActiveCfg = Debug|Win32
		{D6FBAB62-5431-403D-BCAD-B7A51C355524}.Debug|x86.Build.0 = Debug|Win32
		{D6FBAB62-5431-403D-BCAD-B7A51C355524}.Release|Mixed Platforms.ActiveCfg = Release|Win32
		{D6FBAB62-5431-403D-BCAD-B7A51C355524}.Release|Mixed Platforms.Build.0 = Release|Win32
		{D6FBAB62-5431-403D-BCAD-B7A51C355524}.Release|Win32.ActiveCfg = Release|Win32
		{D6FBAB62-5431-403D-BCAD-B7A51C355524}.Release|Win32.Build.0 = Release|Win32
		{D6FBAB62-5431-403D-BCAD-B7A51C355524}.Release|x64.ActiveCfg = Release|x64
		{D6FBAB62-5431-403D-BCAD-B7A51C355524}.Release|x64.Build.0 = Release|x64
		{D6FBAB62-5431-403D-BCAD-B7A51C355524}.Release|x86.ActiveCfg = Release|Win32
		{D6FBAB62-5431-403D-BCAD-B7A51C355524}.Release|x86.Build.0 = Release|Win32
		{9184185B-C22C-4B40-9305-A2B2E194F238}.Debug|Mixed Platforms.ActiveCfg = Debug|Win32
		{9184185B-C22C-4B40-9305-A2B2E194F238}.Debug|Mixed Platforms.Build.0 = Debug|Win32
		{9184185B-C22C-4B40-9305-A2B2E194F238}.Debug|Win32.ActiveCfg = Debug|Win32
		{9184185B-C22C-4B40-9305-A2B2E194F238}.Debug|Win32.Build.0 = Debug|Win32
		{9184185B-C22C-4B40-9305-A2B2E194F238}.Debug|x64.ActiveCfg = Debug|x64
		{9184185B-C22C-4B40-9305-A2B2E194F238}.Debug|x64.Build.0 = Debug|x64
		{9184185B-C22C-4B40-9305-A2B2E194F238}.Debug|x86.ActiveCfg = Debug|Win32
		{9184185B-C22C-4B40-9305-A2B2E194F238}.Debug|x86.Build.0 = Debug|Win32
		{9184185B-C22C-4B40-9305-A2B2E194F238}.Release|Mixed Platforms.ActiveCfg = Release|Win32
		{9184185B-C22C-4B40-9305-A2B2E194F238}.Release|Mixed Platforms.Build.0 = Release|Win32
		{9184185B-C22C-4B40-9305-A2B2E194F238}.Release|Win32.ActiveCfg = Release|Win32
		{9184185B-C22C-4B40-9305-A2B2E194F238}.Release|Win32.Build.0 = Release|Win32
		{9184185B-C22C-4B40-9305-A2B2E194F238}.Release|x64.ActiveCfg = Release|x64
		{9184185B-C22C-4B40-9305-A2B2E194F238}.Release|x64.Build.0 = Release|x64
		{9184185B-C22C-4B40-9305-A2B2E194F238}.Release|x86.ActiveCfg = Release|Win32
		{9184185B-C22C-4B40-9305-A2B2E194F238}.Release|x86.Build.0 = Release|Win32
		{852061D1-ECFB-44F0-9777-E5CABC673C65}.Debug|Mixed Platforms.ActiveCfg = Debug|Win32
		{852061D1-ECFB-44F0-9777-E5CABC673C65}.Debug|Mixed Platforms.Build.0 = Debug|Win32
		{852061D1-ECFB-44F0-9777-E5CABC673C65}.Debug|Win32.ActiveCfg = Debug|Win32
		{852061D1-ECFB-44F0-9777-E5CABC673C65}.Debug|Win32.Build.0 = Debug|Win32
		{852061D1-ECFB-44F0-9777-E5CABC673C65}.Debug|x64.ActiveCfg = Debug|x64
		{852061D1-ECFB-44F0-9777-E5CABC673C65}.Debug|x64.Build.0 = Debug|x64
		{852061D1-ECFB-44F0-9777-E5CABC673C65}.Debug|x86.ActiveCfg = Debug|Win32
		{852061D1-ECFB-44F0-9777-E5CABC673C65}.Debug|x86.Build.0 = Debug|Win32
		{852061D1-ECFB-44F0-9777-E5CABC673C65}.Release|Mixed Platforms.ActiveCfg = Release|Win32
		{852061D1-ECFB-44F0-9777-E5CABC673C65}.Release|Mixed Platforms.Build.0 = Release|Win32
		{852061D1-ECFB-44F0-9777-E5CABC673C65}.Release|Win32.ActiveCfg = Release|Win32
		{852061D1-ECFB-44F0-9777-E5CABC673C65}.Release|Win32.Build.0 = Release|Win32
		{852061D1-ECFB-44F0-9777-E5CABC673C65}.Release|x64.ActiveCfg = Release|x64
		{852061D1-ECFB-44F0-9777-E5CABC673C65}.Release|x64.Build.0 = Release|x64
		{852061D1-ECFB-44F0-9777-E5CABC673C65}.Release|x86.ActiveCfg = Release|Win32
		{852061D1-ECFB-44F0-9777-E5CABC673C65}.Release|x86.Build.0 = Release|Win32
		{AB458C1A-3A5E-4B4A-9EBD-BA72DFAB1EA3}.Debug|Mixed Platforms.ActiveCfg = Debug|Win32
		{AB458C1A-3A5E-4B4A-9EBD-BA72DFAB1EA3}.Debug|Mixed Platforms.Build.0 = Debug|Win32
		{AB458C1A-3A5E-4B4A-9EBD-BA72DFAB1EA3}.Debug|Win32.ActiveCfg = Debug|Win32
		{AB458C1A-3A5E-4B4A-9EBD-BA72DFAB1EA3}.Debug|Win32.Build.0 = Debug|Win32
		{AB458C1A-3A5E-4B4A-9EBD-BA72DFAB1EA3}.Debug|x64.ActiveCfg = Debug|x64
		{AB458C1A-3A5E-4B4A-9EBD-BA72DFAB1EA3}.Debug|x64.Build.0 = Debug|x64
		{AB458C1A-3A5E-4B4A-9EBD-BA72DFAB1EA3}.Debug|x86.ActiveCfg = Debug|Win32
		{AB458C1A-3A5E-4B4A-9EBD-BA72DFAB1EA3}.Debug|x86.Build.0 = Debug|Win32
		{AB458C1A-3A5E-4B4A-9EBD-BA72DFAB1EA3}.Release|Mixed Platforms.ActiveCfg = Release|Win32
		{AB458C1A-3A5E-4B4A-9EBD-BA72DFAB1EA3}.Release|Mixed Platforms.Build.0 = Release|Win32
		{AB458C1A-3A5E-4B4A-9EBD-BA72DFAB1EA3}.Release|Win32.ActiveCfg = Release|Win32
		{AB458C1A-3A5E-4B4A-9EBD-BA72DFAB1EA3}.Release|Win32.Build.0 = Release|Win32
		{AB458C1A-3A5E-4B4A-9EBD-BA72DFAB1EA3}.Release|x64.ActiveCfg = Release|x64
		{AB458C1A-3A5E-4B4A-9EBD-BA72DFAB1EA3}.Release|x64.Build.0 = Release|x64
		{AB458C1A-3A5E-4B4A-9EBD-BA72DFAB1EA3}.Release|x86.ActiveCfg = Release|Win32
		{AB458C1A-3A5E-4B4A-9EBD-BA72DFAB1EA3}.Release|x86.Build.0 = Release|Win32
		{6DD074E9-1C39-4213-9EE6-81244BF78658}.Debug|Mixed Platforms.ActiveCfg = Debug|Win32
		{6DD074E9-1C39-4213-9EE6-81244BF78658}.Debug|Mixed Platforms.Build.0 = Debug|Win32
		{6DD074E9-1C39-4213-9EE6-81244BF78658}.Debug|Win32.ActiveCfg = Debug|Win32
		{6DD074E9-1C39-4213-9EE6-81244BF78658}.Debug|Win32.Build.0 = Debug|Win32
		{6DD074E9-1C39-4213-9EE6-81244BF78658}.Debug|x64.ActiveCfg = Debug|x64
		{6DD074E9-1C39-4213-9EE6-81244BF78658}.Debug|x64.Build.0 = Debug|x64
		{6DD074E9-1C39-4213-9EE6-81244BF78658}.Debug|x86.ActiveCfg = Debug|Win32
		{6DD074E9-1C39-4213-9EE6-81244BF78658}.Debug|x86.Build.0 = Debug|Win32
		{6DD074E9-1C39-4213-9EE6-81244BF78658}.Release|Mixed Platforms.ActiveCfg = Release|Win32
		{6DD074E9-1C39-4213-9EE6-81244BF78658}.Release|Mixed Platforms.Build.0 = Release|Win32
		{6DD074E9-1C39-4213-9EE6-81244BF78658}.Release|Win32.ActiveCfg = Release|Win32
		{6DD074E9-1C39-4213-9EE6-81244BF78658}.Release|Win32.Build.0 = Release|Win32
		{6DD074E9-1C39-4213-9EE6-81244BF78658}.Release|x64.ActiveCfg = Release|x64
		{6DD074E9-1C39-4213-9EE6-81244BF78658}.Release|x64.Build.0 = Release|x64
		{6DD074E9-1C39-4213-9EE6-81244BF78658}.Release|x86.ActiveCfg = Release|Win32
		{6DD074E9-1C39-4213-9EE6-81244BF78658}.Release|x86.Build.0 = Release|Win32
		{02B27D41-F95E-41A2-8506-727AD708EA8D}.Debug|Mixed Platforms.ActiveCfg = Debug|Win32
		{02B27D41-F95E-41A2-8506-727AD708EA8D}.Debug|Mixed Platforms.Build.0 = Debug|Win32
		{02B27D41-F95E-41A2-8506-727AD708EA8D}.Debug|Win32.ActiveCfg = Debug|Win32
		{02B27D41-F95E-41A2-8506-727AD708EA8D}.Debug|Win32.Build.0 = Debug|Win32
		{02B27D41-F95E-41A2-8506-727AD708EA8D}.Debug|x64.ActiveCfg = Debug|x64
		{02B27D41-F95E-41A2-8506-727AD708EA8D}.Debug|x64.Build.0 = Debug|x64
		{02B27D41-F95E-41A2-8506-727AD708EA8D}.Debug|x86.ActiveCfg = Debug|Win32
		{02B27D41-F95E-41A2-8506-727AD708EA8D}.Debug|x86.Build.0 = Debug|Win32
		{02B27D41-F95E-41A2-8506-727AD708EA8D}.Release|Mixed Platforms.ActiveCfg = Release|Win32
		{02B27D41-F95E-41A2-8506-727AD708EA8D}.Release|Mixed Platforms.Build.0 = Release|Win32
		{02B27D41-F95E-41A2-8506-727AD708EA8D}.Release|Win32.ActiveCfg = Release|Win32
		{02B27D41-F95E-41A2-8506-727AD708EA8D}.Release|Win32.Build.0 = Release|Win32
		{02B27D41-F95E-41A2-8506-727AD708EA8D}.Release|x64.ActiveCfg = Release|x64
		{02B27D41-F95E-41A2-8506-727AD708EA8D}.Release|x64.Build.0 = Release|x64
		{02B27D41-F95E-41A2-8506-727AD708EA8D}.Release|x86.ActiveCfg = Release|Win32
		{02B27D41-F95E-41A2-8506-727AD708EA8D}.Release|x86.Build.0 = Release|Win32
		{19D4BC5F-8354-46CE-9582-98C157ADB0C7}.Debug|Mixed Platforms.ActiveCfg = Debug|Win32
		{19D4BC5F-8354-46CE-9582-98C157ADB0C7}.Debug|Mixed Platforms.Build.0 = Debug|Win32
		{19D4BC5F-8354-46CE-9582-98C157ADB0C7}.Debug|Win32.ActiveCfg = Debug|Win32
		{19D4BC5F-8354-46CE-9582-98C157ADB0C7}.Debug|Win32.Build.0 = Debug|Win32
		{19D4BC5F-8354-46CE-9582-98C157ADB0C7}.Debug|x64.ActiveCfg = Debug|x64
		{19D4BC5F-8354-46CE-9582-98C157ADB0C7}.Debug|x64.Build.0 = Debug|x64
		{19D4BC5F-8354-46CE-9582-98C157ADB0C7}.Debug|x86.ActiveCfg = Debug|Win32
		{19D4BC5F-8354-46CE-9582-98C157ADB0C7}.Debug|x86.Build.0 = Debug|Win32
		{19D4BC5F-8354-46CE-9582-98C157ADB0C7}.Release|Mixed Platforms.ActiveCfg = Release|Win32
		{19D4BC5F-8354-46CE-9582-98C157ADB0C7}.Release|Mixed Platforms.Build.0 = Release|Win32
		{19D4BC5F-8354-46CE-9582-98C157ADB0C7}.Release|Win32.ActiveCfg = Release|Win32
		{19D4BC5F-8354-46CE-9582-98C157ADB0C7}.Release|Win32.Build.0 = Release|Win32
		{19D4BC5F-8354-46CE-9582-98C157ADB0C7}.Release|x64.ActiveCfg = Release|x64
		{19D4BC5F-8354-46CE-9582-98C157ADB0C7}.Release|x64.Build.0 = Release|x64
		{19D4BC5F-8354-46CE-9582-98C157ADB0C7}.Release|x86.ActiveCfg = Release|Win32
		{19D4BC5F-8354-46CE-9582-98C157ADB0C7}.Release|x86.Build.0 = Release|Win32
		{954E8B1D-3290-414F-A2D5-E17DCC9B0D1C}.Debug|Mixed Platforms.ActiveCfg = Debug|Win32
		{954E8B1D-3290-414F-A2D5-E17DCC9B0D1C}.Debug|Mixed Platforms.Build.0 = Debug|Win32
		{954E8B1D-3290-414F-A2D5-E17DCC9B0D1C}.Debug|Win32.ActiveCfg = Debug|Win32
		{954E8B1D-3290-414F-A2D5-E17DCC9B0D1C}.Debug|Win32.Build.0 = Debug|Win32
		{954E8B1D-3290-414F-A2D5-E17DCC9B0D1C}.Debug|x64.ActiveCfg = Debug|x64
		{954E8B1D-3290-414F-A2D5-E17DCC9B0D1C}.Debug|x64.Build.0 = Debug|x64
		{954E8B1D-3290-414F-A2D5-E17DCC9B0D1C}.Debug|x86.ActiveCfg = Debug|Win32
		{954E8B1D-3290-414F-A2D5-E17DCC9B0D1C}.Debug|x86.Build.0 = Debug|Win32
		{954E8B1D-3290-414F-A2D5-E17DCC9B0D1C}.Release|Mixed Platforms.ActiveCfg = Release|Win32
		{954E8B1D-3290-414F-A2D5-E17DCC9B0D1C}.Release|Mixed Platforms.Build.0 = Release|Win32
		{954E8B1D-3290-414F-A2D5-E17DCC9B0D1C}.Release|Win32.ActiveCfg = Release|Win32
		{954E8B1D-3290-414F-A2D5-E17DCC9B0D1C}.Release|Win32.Build.0 = Release|Win32
		{954E8B1D-3290-414F-A2D5-E17DCC9B0D1C}.Release|x64.ActiveCfg = Release|x64
		{954E8B1D-3290-414F-A2D5-E17DCC9B0D1C}.Release|x64.Build.0 = Release|x64
		{954E8B1D-3290-414F-A2D5-E17DCC9B0D1C}.Release|x86.ActiveCfg = Release|Win32
		{954E8B1D-3290-414F-A2D5-E17DCC9B0D1C}.Release|x86.Build.0 = Release|Win32
		{C8F4CDC0-90DE-4625-B0B0-45C9F41BA563}.Debug|Mixed Platforms.ActiveCfg = Debug|Win32
		{C8F4CDC0-90DE-4625-B0B0-45C9F41BA563}.Debug|Mixed Platforms.Build.0 = Debug|Win32
		{C8F4CDC0-90DE-4625-B0B0-45C9F41BA563}.Debug|Win32.ActiveCfg = Debug|Win32
		{C8F4CDC0-90DE-4625-B0B0-45C9F41BA563}.Debug|Win32.Build.0 = Debug|Win32
		{C8F4CDC0-90DE-4625-B0B0-45C9F41BA563}.Debug|x64.ActiveCfg = Debug|x64
		{C8F4CDC0-90DE-4625-B0B0-45C9F41BA563}.Debug|x64.Build.0 = Debug|x64
		{C8F4CDC0-90DE-4625-B0B0-45C9F41BA563}.Debug|x86.ActiveCfg = Debug|Win32
		{C8F4CDC0-90DE-4625-B0B0-45C9F41BA563}.Debug|x86.Build.0 = Debug|Win32
		{C8F4CDC0-90DE-4625-B0B0-45C9F41BA563}.Release|Mixed Platforms.ActiveCfg = Release|Win32
		{C8F4CDC0-90DE-4625-B0B0-45C9F41BA563}.Release|Mixed Platforms.Build.0 = Release|Win32
		{C8F4CDC0-90DE-4625-B0B0-45C9F41BA563}.Release|Win32.ActiveCfg = Release|Win32
		{C8F4CDC0-90DE-4625-B0B0-45C9F41BA563}.Release|Win32.Build.0 = Release|Win32
		{C8F4CDC0-90DE-4625-B0B0-45C9F41BA563}.Release|x64.ActiveCfg = Release|x64
		{C8F4CDC0-90DE-4625-B0B0-45C9F41BA563}.Release|x64.Build.0 = Release|x64
		{C8F4CDC0-90DE-4625-B0B0-45C9F41BA563}.Release|x86.ActiveCfg = Release|Win32
		{C8F4CDC0-90DE-4625-B0B0-45C9F41BA563}.Release|x86.Build.0 = Release|Win32
		{3D99BB84-BF86-4568-9FAB-0DA78BB0B75D}.Debug|Mixed Platforms.ActiveCfg = Debug|Win32
		{3D99BB84-BF86-4568-9FAB-0DA78BB0B75D}.Debug|Mixed Platforms.Build.0 = Debug|Win32
		{3D99BB84-BF86-4568-9FAB-0DA78BB0B75D}.Debug|Win32.ActiveCfg = Debug|Win32
		{3D99BB84-BF86-4568-9FAB-0DA78BB0B75D}.Debug|Win32.Build.0 = Debug|Win32
		{3D99BB84-BF86-4568-9FAB-0DA78BB0B75D}.Debug|x64.ActiveCfg = Debug|x64
		{3D99BB84-BF86-4568-9FAB-0DA78BB0B75D}.Debug|x64.Build.0 = Debug|x64
		{3D99BB84-BF86-4568-9FAB-0DA78BB0B75D}.Debug|x86.ActiveCfg = Debug|Win32
		{3D99BB84-BF86-4568-9FAB-0DA78BB0B75D}.Debug|x86.Build.0 = Debug|Win32
		{3D99BB84-BF86-4568-9FAB-0DA78BB0B75D}.Release|Mixed Platforms.ActiveCfg = Release|Win32
		{3D99BB84-BF86-4568-9FAB-0DA78BB0B75D}.Release|Mixed Platforms.Build.0 = Release|Win32
		{3D99BB84-BF86-4568-9FAB-0DA78BB0B75D}.Release|Win32.ActiveCfg = Release|Win32
		{3D99BB84-BF86-4568-9FAB-0DA78BB0B75D}.Release|Win32.Build.0 = Release|Win32
		{3D99BB84-BF86-4568-9FAB-0DA78BB0B75D}.Release|x64.ActiveCfg = Release|x64
		{3D99BB84-BF86-4568-9FAB-0DA78BB0B75D}.Release|x64.Build.0 = Release|x64
		{3D99BB84-BF86-4568-9FAB-0DA78BB0B75D}.Release|x86.ActiveCfg = Release|Win32
		{3D99BB84-BF86-4568-9FAB-0DA78BB0B75D}.Release|x86.Build.0 = Release|Win32
		{1CA10C7F-EFD8-463C-A6FD-FC761FE28849}.Debug|Mixed Platforms.ActiveCfg = Debug|Win32
		{1CA10C7F-EFD8-463C-A6FD-FC761FE28849}.Debug|Mixed Platforms.Build.0 = Debug|Win32
		{1CA10C7F-EFD8-463C-A6FD-FC761FE28849}.Debug|Win32.ActiveCfg = Debug|Win32
		{1CA10C7F-EFD8-463C-A6FD-FC761FE28849}.Debug|Win32.Build.0 = Debug|Win32
		{1CA10C7F-EFD8-463C-A6FD-FC761FE28849}.Debug|x64.ActiveCfg = Debug|x64
		{1CA10C7F-EFD8-463C-A6FD-FC761FE28849}.Debug|x64.Build.0 = Debug|x64
		{1CA10C7F-EFD8-463C-A6FD-FC761FE28849}.Debug|x86.ActiveCfg = Debug|Win32
		{1CA10C7F-EFD8-463C-A6FD-FC761FE28849}.Debug|x86.Build.0 = Debug|Win32
		{1CA10C7F-EFD8-463C-A6FD-FC761FE28849}.Release|Mixed Platforms.ActiveCfg = Release|Win32
		{1CA10C7F-EFD8-463C-A6FD-FC761FE28849}.Release|Mixed Platforms.Build.0 = Release|Win32
		{1CA10C7F-EFD8-463C-A6FD-FC761FE28849}.Release|Win32.ActiveCfg = Release|Win32
		{1CA10C7F-EFD8-463C-A6FD-FC761FE28849}.Release|Win32.Build.0 = Release|Win32
		{1CA10C7F-EFD8-463C-A6FD-FC761FE28849}.Release|x64.ActiveCfg = Release|x64
		{1CA10C7F-EFD8-463C-A6FD-FC761FE28849}.Release|x64.Build.0 = Release|x64
		{1CA10C7F-EFD8-463C-A6FD-FC761FE28849}.Release|x86.ActiveCfg = Release|Win32
		{1CA10C7F-EFD8-463C-A6FD-FC761FE28849}.Release|x86.Build.0 = Release|Win32
		{D9DC6E0D-9292-43CC-BDFF-3C73919CE060}.Debug|Mixed Platforms.ActiveCfg = Debug|Win32
		{D9DC6E0D-9292-43CC-BDFF-3C73919CE060}.Debug|Mixed Platforms.Build.0 = Debug|Win32
		{D9DC6E0D-9292-43CC-BDFF-3C73919CE060}.Debug|Win32.ActiveCfg = Debug|Win32
		{D9DC6E0D-9292-43CC-BDFF-3C73919CE060}.Debug|Win32.Build.0 = Debug|Win32
		{D9DC6E0D-9292-43CC-BDFF-3C73919CE060}.Debug|x64.ActiveCfg = Debug|x64
		{D9DC6E0D-9292-43CC-BDFF-3C73919CE060}.Debug|x64.Build.0 = Debug|x64
		{D9DC6E0D-9292-43CC-BDFF-3C73919CE060}.Debug|x86.ActiveCfg = Debug|Win32
		{D9DC6E0D-9292-43CC-BDFF-3C73919CE060}.Debug|x86.Build.0 = Debug|Win32
		{D9DC6E0D-9292-43CC-BDFF-3C73919CE060}.Release|Mixed Platforms.ActiveCfg = Release|Win32
		{D9DC6E0D-9292-43CC-BDFF-3C73919CE060}.Release|Mixed Platforms.Build.0 = Release|Win32
		{D9DC6E0D-9292-43CC-BDFF-3C73919CE060}.Release|Win32.ActiveCfg = Release|Win32
		{D9DC6E0D-9292-43CC-BDFF-3C73919CE060}.Release|Win32.Build.0 = Release|Win32
		{D9DC6E0D-9292-43CC-BDFF-3C73919CE060}.Release|x64.ActiveCfg = Release|x64
		{D9DC6E0D-9292-43CC-BDFF-3C73919CE060}.Release|x64.Build.0 = Release|x64
		{D9DC6E0D-9292-43CC-BDFF-3C73919CE060}.Release|x86.ActiveCfg = Release|Win32
		{D9DC6E0D-9292-43CC-BDFF-3C73919CE060}.Release|x86.Build.0 = Release|Win32
		{A0F19194-C413-49D3-AEAF-46F085E839BA}.Debug|Mixed Platforms.ActiveCfg = Debug|Win32
		{A0F19194-C413-49D3-AEAF-46F085E839BA}.Debug|Mixed Platforms.Build.0 = Debug|Win32
		{A0F19194-C413-49D3-AEAF-46F085E839BA}.Debug|Win32.ActiveCfg = Debug|Win32
		{A0F19194-C413-49D3-AEAF-46F085E839BA}.Debug|Win32.Build.0 = Debug|Win32
		{A0F19194-C413-49D3-AEAF-46F085E839BA}.Debug|x64.ActiveCfg = Debug|x64
		{A0F19194-C413-49D3-AEAF-46F085E839BA}.Debug|x64.Build.0 = Debug|x64
		{A0F19194-C413-49D3-AEAF-46F085E839BA}.Debug|x86.ActiveCfg = Debug|Win32
		{A0F19194-C413-49D3-AEAF-46F085E839BA}.Debug|x86.Build.0 = Debug|Win32
		{A0F19194-C413-49D3-AEAF-46F085E839BA}.Release|Mixed Platforms.ActiveCfg = Release|Win32
		{A0F19194-C413-49D3-AEAF-46F085E839BA}.Release|Mixed Platforms.Build.0 = Release|Win32
		{A0F19194-C413-49D3-AEAF-46F085E839BA}.Release|Win32.ActiveCfg = Release|Win32
		{A0F19194-C413-49D3-AEAF-46F085E839BA}.Release|Win32.Build.0 = Release|Win32
		{A0F19194-C413-49D3-AEAF-46F085E839BA}.Release|x64.ActiveCfg = Release|x64
		{A0F19194-C413-49D3-AEAF-46F085E839BA}.Release|x64.Build.0 = Release|x64
		{A0F19194-C413-49D3-AEAF-46F085E839BA}.Release|x86.ActiveCfg = Release|Win32
		{A0F19194-C413-49D3-AEAF-46F085E839BA}.Release|x86.Build.0 = Release|Win32
		{C25E2CDC-64CC-4D87-9E98-6C2061B49469}.Debug|Mixed Platforms.ActiveCfg = Debug|Win32
		{C25E2CDC-64CC-4D87-9E98-6C2061B49469}.Debug|Mixed Platforms.Build.0 = Debug|Win32
		{C25E2CDC-64CC-4D87-9E98-6C2061B49469}.Debug|Win32.ActiveCfg = Debug|Win32
		{C25E2CDC-64CC-4D87-9E98-6C2061B49469}.Debug|Win32.Build.0 = Debug|Win32
		{C25E2CDC-64CC-4D87-9E98-6C2061B49469}.Debug|x64.ActiveCfg = Debug|x64
		{C25E2CDC-64CC-4D87-9E98-6C2061B49469}.Debug|x64.Build.0 = Debug|x64
		{C25E2CDC-64CC-4D87-9E98-6C2061B49469}.Debug|x86.ActiveCfg = Debug|Win32
		{C25E2CDC-64CC-4D87-9E98-6C2061B49469}.Debug|x86.Build.0 = Debug|Win32
		{C25E2CDC-64CC-4D87-9E98-6C2061B49469}.Release|Mixed Platforms.ActiveCfg = Release|Win32
		{C25E2CDC-64CC-4D87-9E98-6C2061B49469}.Release|Mixed Platforms.Build.0 = Release|Win32
		{C25E2CDC-64CC-4D87-9E98-6C2061B49469}.Release|Win32.ActiveCfg = Release|Win32
		{C25E2CDC-64CC-4D87-9E98-6C2061B49469}.Release|Win32.Build.0 = Release|Win32
		{C25E2CDC-64CC-4D87-9E98-6C2061B49469}.Release|x64.ActiveCfg = Release|x64
		{C25E2CDC-64CC-4D87-9E98-6C2061B49469}.Release|x64.Build.0 = Release|x64
		{C25E2CDC-64CC-4D87-9E98-6C2061B49469}.Release|x86.ActiveCfg = Release|Win32
		{C25E2CDC-64CC-4D87-9E98-6C2061B49469}.Release|x86.Build.0 = Release|Win32
		{4574F36B-3CD0-4F1F-A054-8ABBC383B688}.Debug|Mixed Platforms.ActiveCfg = Debug|Win32
		{4574F36B-3CD0-4F1F-A054-8ABBC383B688}.Debug|Mixed Platforms.Build.0 = Debug|Win32
		{4574F36B-3CD0-4F1F-A054-8ABBC383B688}.Debug|Win32.ActiveCfg = Debug|Win32
		{4574F36B-3CD0-4F1F-A054-8ABBC383B688}.Debug|Win32.Build.0 = Debug|Win32
		{4574F36B-3CD0-4F1F-A054-8ABBC383B688}.Debug|x64.ActiveCfg = Debug|x64
		{4574F36B-3CD0-4F1F-A054-8ABBC383B688}.Debug|x64.Build.0 = Debug|x64
		{4574F36B-3CD0-4F1F-A054-8ABBC383B688}.Debug|x86.ActiveCfg = Debug|Win32
		{4574F36B-3CD0-4F1F-A054-8ABBC383B688}.Debug|x86.Build.0 = Debug|Win32
		{4574F36B-3CD0-4F1F-A054-8ABBC383B688}.Release|Mixed Platforms.ActiveCfg = Release|Win32
		{4574F36B-3CD0-4F1F-A054-8ABBC383B688}.Release|Mixed Platforms.Build.0 = Release|Win32
		{4574F36B-3CD0-4F1F-A054-8ABBC383B688}.Release|Win32.ActiveCfg = Release|Win32
		{4574F36B-3CD0-4F1F-A054-8ABBC383B688}.Release|Win32.Build.0 = Release|Win32
		{4574F36B-3CD0-4F1F-A054-8ABBC383B688}.Release|x64.ActiveCfg = Release|x64
		{4574F36B-3CD0-4F1F-A054-8ABBC383B688}.Release|x64.Build.0 = Release|x64
		{4574F36B-3CD0-4F1F-A054-8ABBC383B688}.Release|x86.ActiveCfg = Release|Win32
		{4574F36B-3CD0-4F1F-A054-8ABBC383B688}.Release|x86.Build.0 = Release|Win32
		{04133D23-23FE-4A38-892A-B579BAD8303B}.Debug|Mixed Platforms.ActiveCfg = Debug|x86
		{04133D23-23FE-4A38-892A-B579BAD8303B}.Debug|Mixed Platforms.Build.0 = Debug|x86
		{04133D23-23FE-4A38-892A-B579BAD8303B}.Debug|Win32.ActiveCfg = Debug|x86
		{04133D23-23FE-4A38-892A-B579BAD8303B}.Debug|Win32.Build.0 = Debug|x86
		{04133D23-23FE-4A38-892A-B579BAD8303B}.Debug|x64.ActiveCfg = Debug|x64
		{04133D23-23FE-4A38-892A-B579BAD8303B}.Debug|x64.Build.0 = Debug|x64
		{04133D23-23FE-4A38-892A-B579BAD8303B}.Debug|x86.ActiveCfg = Debug|x86
		{04133D23-23FE-4A38-892A-B579BAD8303B}.Debug|x86.Build.0 = Debug|x86
		{04133D23-23FE-4A38-892A-B579BAD8303B}.Release|Mixed Platforms.ActiveCfg = Release|x86
		{04133D23-23FE-4A38-892A-B579BAD8303B}.Release|Mixed Platforms.Build.0 = Release|x86
		{04133D23-23FE-4A38-892A-B579BAD8303B}.Release|Win32.ActiveCfg = Release|x86
		{04133D23-23FE-4A38-892A-B579BAD8303B}.Release|Win32.Build.0 = Release|x86
		{04133D23-23FE-4A38-892A-B579BAD8303B}.Release|x64.ActiveCfg = Release|x64
		{04133D23-23FE-4A38-892A-B579BAD8303B}.Release|x64.Build.0 = Release|x64
		{04133D23-23FE-4A38-892A-B579BAD8303B}.Release|x86.ActiveCfg = Release|x86
		{04133D23-23FE-4A38-892A-B579BAD8303B}.Release|x86.Build.0 = Release|x86
		{8C0E3221-DF35-4CEF-8A8C-C491F756C5AE}.Debug|Mixed Platforms.ActiveCfg = Debug|Win32
		{8C0E3221-DF35-4CEF-8A8C-C491F756C5AE}.Debug|Mixed Platforms.Build.0 = Debug|Win32
		{8C0E3221-DF35-4CEF-8A8C-C491F756C5AE}.Debug|Win32.ActiveCfg = Debug|Win32
		{8C0E3221-DF35-4CEF-8A8C-C491F756C5AE}.Debug|Win32.Build.0 = Debug|Win32
		{8C0E3221-DF35-4CEF-8A8C-C491F756C5AE}.Debug|x64.ActiveCfg = Debug|x64
		{8C0E3221-DF35-4CEF-8A8C-C491F756C5AE}.Debug|x64.Build.0 = Debug|x64
		{8C0E3221-DF35-4CEF-8A8C-C491F756C5AE}.Debug|x86.ActiveCfg = Debug|Win32
		{8C0E3221-DF35-4CEF-8A8C-C491F756C5AE}.Debug|x86.Build.0 = Debug|Win32
		{8C0E3221-DF35-4CEF-8A8C-C491F756C5AE}.Release|Mixed Platforms.ActiveCfg = Release|Win32
		{8C0E3221-DF35-4CEF-8A8C-C491F756C5AE}.Release|Mixed Platforms.Build.0 = Release|Win32
		{8C0E3221-DF35-4CEF-8A8C-C491F756C5AE}.Release|Win32.ActiveCfg = Release|Win32
		{8C0E3221-DF35-4CEF-8A8C-C491F756C5AE}.Release|Win32.Build.0 = Release|Win32
		{8C0E3221-DF35-4CEF-8A8C-C491F756C5AE}.Release|x64.ActiveCfg = Release|x64
		{8C0E3221-DF35-4CEF-8A8C-C491F756C5AE}.Release|x64.Build.0 = Release|x64
		{8C0E3221-DF35-4CEF-8A8C-C491F756C5AE}.Release|x86.ActiveCfg = Release|Win32
		{8C0E3221-DF35-4CEF-8A8C-C491F756C5AE}.Release|x86.Build.0 = Release|Win32
		{052EED7C-8807-46EC-A66E-907488B9F47D}.Debug|Mixed Platforms.ActiveCfg = Debug|Win32
		{052EED7C-8807-46EC-A66E-907488B9F47D}.Debug|Mixed Platforms.Build.0 = Debug|Win32
		{052EED7C-8807-46EC-A66E-907488B9F47D}.Debug|Win32.ActiveCfg = Debug|Win32
		{052EED7C-8807-46EC-A66E-907488B9F47D}.Debug|Win32.Build.0 = Debug|Win32
		{052EED7C-8807-46EC-A66E-907488B9F47D}.Debug|x64.ActiveCfg = Debug|x64
		{052EED7C-8807-46EC-A66E-907488B9F47D}.Debug|x64.Build.0 = Debug|x64
		{052EED7C-8807-46EC-A66E-907488B9F47D}.Debug|x86.ActiveCfg = Debug|Win32
		{052EED7C-8807-46EC-A66E-907488B9F47D}.Debug|x86.Build.0 = Debug|Win32
		{052EED7C-8807-46EC-A66E-907488B9F47D}.Release|Mixed Platforms.ActiveCfg = Release|Win32
		{052EED7C-8807-46EC-A66E-907488B9F47D}.Release|Mixed Platforms.Build.0 = Release|Win32
		{052EED7C-8807-46EC-A66E-907488B9F47D}.Release|Win32.ActiveCfg = Release|Win32
		{052EED7C-8807-46EC-A66E-907488B9F47D}.Release|Win32.Build.0 = Release|Win32
		{052EED7C-8807-46EC-A66E-907488B9F47D}.Release|x64.ActiveCfg = Release|x64
		{052EED7C-8807-46EC-A66E-907488B9F47D}.Release|x64.Build.0 = Release|x64
		{052EED7C-8807-46EC-A66E-907488B9F47D}.Release|x86.ActiveCfg = Release|Win32
		{052EED7C-8807-46EC-A66E-907488B9F47D}.Release|x86.Build.0 = Release|Win32
		{6E8772D0-0F49-4587-B9D4-6DD4E1F705B1}.Debug|Mixed Platforms.ActiveCfg = Debug|Win32
		{6E8772D0-0F49-4587-B9D4-6DD4E1F705B1}.Debug|Mixed Platforms.Build.0 = Debug|Win32
		{6E8772D0-0F49-4587-B9D4-6DD4E1F705B1}.Debug|Win32.ActiveCfg = Debug|Win32
		{6E8772D0-0F49-4587-B9D4-6DD4E1F705B1}.Debug|Win32.Build.0 = Debug|Win32
		{6E8772D0-0F49-4587-B9D4-6DD4E1F705B1}.Debug|x64.ActiveCfg = Debug|x64
		{6E8772D0-0F49-4587-B9D4-6DD4E1F705B1}.Debug|x64.Build.0 = Debug|x64
		{6E8772D0-0F49-4587-B9D4-6DD4E1F705B1}.Debug|x86.ActiveCfg = Debug|Win32
		{6E8772D0-0F49-4587-B9D4-6DD4E1F705B1}.Debug|x86.Build.0 = Debug|Win32
		{6E8772D0-0F49-4587-B9D4-6DD4E1F705B1}.Release|Mixed Platforms.ActiveCfg = Release|Win32
		{6E8772D0-0F49-4587-B9D4-6DD4E1F705B1}.Release|Mixed Platforms.Build.0 = Release|Win32
		{6E8772D0-0F49-4587-B9D4-6DD4E1F705B1}.Release|Win32.ActiveCfg = Release|Win32
		{6E8772D0-0F49-4587-B9D4-6DD4E1F705B1}.Release|Win32.Build.0 = Release|Win32
		{6E8772D0-0F49-4587-B9D4-6DD4E1F705B1}.Release|x64.ActiveCfg = Release|x64
		{6E8772D0-0F49-4587-B9D4-6DD4E1F705B1}.Release|x64.Build.0 = Release|x64
		{6E8772D0-0F49-4587-B9D4-6DD4E1F705B1}.Release|x86.ActiveCfg = Release|Win32
		{6E8772D0-0F49-4587-B9D4-6DD4E1F705B1}.Release|x86.Build.0 = Release|Win32
	EndGlobalSection
	GlobalSection(SolutionProperties) = preSolution
		HideSolutionNode = FALSE
	EndGlobalSection
EndGlobal
