<?xml version="1.0" encoding="UTF-8" standalone="yes" ?>
<CodeBlocks_project_file>
	<FileVersion major="1" minor="6" />
	<Project>
		<Option title="sgct" />
		<Option platforms="Mac;" />
		<Option pch_mode="2" />
		<Option compiler="gcc" />
		<Build>
			<Target title="Debug">
				<Option platforms="Mac;" />
				<Option output="../../lib/mac/libsgct_light_d" prefix_auto="1" extension_auto="1" />
				<Option working_dir="" />
				<Option object_output="obj/Debug/" />
				<Option type="2" />
				<Option compiler="gcc" />
				<Option createDefFile="1" />
				<Compiler>
					<Add option="-Wall" />
					<Add option="-g" />
					<Add option="-D__APPLE__" />
					<Add option="-D__SGCT_DEBUG__" />
				</Compiler>
				<Linker>
					<Add library="GLEW" />
					<Add library="glfw" />
					<Add library="freetype" />
					<Add library="png" />
					<Add library="z" />
					<Add library="tinyxml2_d" />
					<Add library="socket" />
				</Linker>
			</Target>
			<Target title="Release">
				<Option platforms="Mac;" />
				<Option output="../../lib/mac/libsgct_light" prefix_auto="1" extension_auto="1" />
				<Option working_dir="" />
				<Option object_output="obj/Release/" />
				<Option type="2" />
				<Option compiler="gcc" />
				<Option createDefFile="1" />
				<Compiler>
					<Add option="-O3" />
					<Add option="-D__APPLE__" />
				</Compiler>
				<Linker>
					<Add library="GLEW" />
					<Add library="glfw" />
					<Add library="freetype" />
					<Add library="png" />
					<Add library="z" />
					<Add library="tinyxml2" />
					<Add library="socket" />
				</Linker>
			</Target>
		</Build>
		<Compiler>
			<Add option="-O3" />
			<Add option="-Wall" />
			<Add directory="../../include" />
			<Add directory="/opt/X11/include" />
		</Compiler>
		<Linker>
			<Add directory="../../lib/mingw/deps" />
		</Linker>
		<Unit filename="../../include/GL/glew.h" />
		<Unit filename="../../include/GL/glfw.h" />
		<Unit filename="../../include/GL/glxew.h" />
		<Unit filename="../../include/GL/wglew.h" />
		<Unit filename="../../include/external/freetype/config/ftconfig.h" />
		<Unit filename="../../include/external/freetype/config/ftheader.h" />
		<Unit filename="../../include/external/freetype/config/ftmodule.h" />
		<Unit filename="../../include/external/freetype/config/ftoption.h" />
		<Unit filename="../../include/external/freetype/config/ftstdlib.h" />
		<Unit filename="../../include/external/freetype/freetype.h" />
		<Unit filename="../../include/external/freetype/ftadvanc.h" />
		<Unit filename="../../include/external/freetype/ftbbox.h" />
		<Unit filename="../../include/external/freetype/ftbdf.h" />
		<Unit filename="../../include/external/freetype/ftbitmap.h" />
		<Unit filename="../../include/external/freetype/ftbzip2.h" />
		<Unit filename="../../include/external/freetype/ftcache.h" />
		<Unit filename="../../include/external/freetype/ftchapters.h" />
		<Unit filename="../../include/external/freetype/ftcid.h" />
		<Unit filename="../../include/external/freetype/fterrdef.h" />
		<Unit filename="../../include/external/freetype/fterrors.h" />
		<Unit filename="../../include/external/freetype/ftgasp.h" />
		<Unit filename="../../include/external/freetype/ftglyph.h" />
		<Unit filename="../../include/external/freetype/ftgxval.h" />
		<Unit filename="../../include/external/freetype/ftgzip.h" />
		<Unit filename="../../include/external/freetype/ftimage.h" />
		<Unit filename="../../include/external/freetype/ftincrem.h" />
		<Unit filename="../../include/external/freetype/ftlcdfil.h" />
		<Unit filename="../../include/external/freetype/ftlist.h" />
		<Unit filename="../../include/external/freetype/ftlzw.h" />
		<Unit filename="../../include/external/freetype/ftmac.h" />
		<Unit filename="../../include/external/freetype/ftmm.h" />
		<Unit filename="../../include/external/freetype/ftmodapi.h" />
		<Unit filename="../../include/external/freetype/ftmoderr.h" />
		<Unit filename="../../include/external/freetype/ftotval.h" />
		<Unit filename="../../include/external/freetype/ftoutln.h" />
		<Unit filename="../../include/external/freetype/ftpfr.h" />
		<Unit filename="../../include/external/freetype/ftrender.h" />
		<Unit filename="../../include/external/freetype/ftsizes.h" />
		<Unit filename="../../include/external/freetype/ftsnames.h" />
		<Unit filename="../../include/external/freetype/ftstroke.h" />
		<Unit filename="../../include/external/freetype/ftsynth.h" />
		<Unit filename="../../include/external/freetype/ftsystem.h" />
		<Unit filename="../../include/external/freetype/fttrigon.h" />
		<Unit filename="../../include/external/freetype/fttypes.h" />
		<Unit filename="../../include/external/freetype/ftwinfnt.h" />
		<Unit filename="../../include/external/freetype/ftxf86.h" />
		<Unit filename="../../include/external/freetype/internal/autohint.h" />
		<Unit filename="../../include/external/freetype/internal/ftcalc.h" />
		<Unit filename="../../include/external/freetype/internal/ftdebug.h" />
		<Unit filename="../../include/external/freetype/internal/ftdriver.h" />
		<Unit filename="../../include/external/freetype/internal/ftgloadr.h" />
		<Unit filename="../../include/external/freetype/internal/ftmemory.h" />
		<Unit filename="../../include/external/freetype/internal/ftobjs.h" />
		<Unit filename="../../include/external/freetype/internal/ftpic.h" />
		<Unit filename="../../include/external/freetype/internal/ftrfork.h" />
		<Unit filename="../../include/external/freetype/internal/ftserv.h" />
		<Unit filename="../../include/external/freetype/internal/ftstream.h" />
		<Unit filename="../../include/external/freetype/internal/fttrace.h" />
		<Unit filename="../../include/external/freetype/internal/ftvalid.h" />
		<Unit filename="../../include/external/freetype/internal/internal.h" />
		<Unit filename="../../include/external/freetype/internal/psaux.h" />
		<Unit filename="../../include/external/freetype/internal/pshints.h" />
		<Unit filename="../../include/external/freetype/internal/services/svbdf.h" />
		<Unit filename="../../include/external/freetype/internal/services/svcid.h" />
		<Unit filename="../../include/external/freetype/internal/services/svgldict.h" />
		<Unit filename="../../include/external/freetype/internal/services/svgxval.h" />
		<Unit filename="../../include/external/freetype/internal/services/svkern.h" />
		<Unit filename="../../include/external/freetype/internal/services/svmm.h" />
		<Unit filename="../../include/external/freetype/internal/services/svotval.h" />
		<Unit filename="../../include/external/freetype/internal/services/svpfr.h" />
		<Unit filename="../../include/external/freetype/internal/services/svpostnm.h" />
		<Unit filename="../../include/external/freetype/internal/services/svpscmap.h" />
		<Unit filename="../../include/external/freetype/internal/services/svpsinfo.h" />
		<Unit filename="../../include/external/freetype/internal/services/svsfnt.h" />
		<Unit filename="../../include/external/freetype/internal/services/svttcmap.h" />
		<Unit filename="../../include/external/freetype/internal/services/svtteng.h" />
		<Unit filename="../../include/external/freetype/internal/services/svttglyf.h" />
		<Unit filename="../../include/external/freetype/internal/services/svwinfnt.h" />
		<Unit filename="../../include/external/freetype/internal/services/svxf86nm.h" />
		<Unit filename="../../include/external/freetype/internal/sfnt.h" />
		<Unit filename="../../include/external/freetype/internal/t1types.h" />
		<Unit filename="../../include/external/freetype/internal/tttypes.h" />
		<Unit filename="../../include/external/freetype/t1tables.h" />
		<Unit filename="../../include/external/freetype/ttnameid.h" />
		<Unit filename="../../include/external/freetype/tttables.h" />
		<Unit filename="../../include/external/freetype/tttags.h" />
		<Unit filename="../../include/external/freetype/ttunpat.h" />
		<Unit filename="../../include/external/ft2build.h" />
		<Unit filename="../../include/external/png.h" />
		<Unit filename="../../include/external/pngconf.h" />
		<Unit filename="../../include/external/pngdebug.h" />
		<Unit filename="../../include/external/pnginfo.h" />
		<Unit filename="../../include/external/pnglibconf.h" />
		<Unit filename="../../include/external/pngpriv.h" />
		<Unit filename="../../include/external/pngstruct.h" />
		<Unit filename="../../include/external/tinyxml2.h" />
		<Unit filename="../../include/external/zconf.h" />
		<Unit filename="../../include/external/zlib.h" />
		<Unit filename="../../include/glm/core/_detail.hpp" />
		<Unit filename="../../include/glm/core/_fixes.hpp" />
		<Unit filename="../../include/glm/core/_swizzle.hpp" />
		<Unit filename="../../include/glm/core/_swizzle_func.hpp" />
		<Unit filename="../../include/glm/core/_vectorize.hpp" />
		<Unit filename="../../include/glm/core/dummy.cpp" />
		<Unit filename="../../include/glm/core/func_common.hpp" />
		<Unit filename="../../include/glm/core/func_exponential.hpp" />
		<Unit filename="../../include/glm/core/func_geometric.hpp" />
		<Unit filename="../../include/glm/core/func_integer.hpp" />
		<Unit filename="../../include/glm/core/func_matrix.hpp" />
		<Unit filename="../../include/glm/core/func_noise.hpp" />
		<Unit filename="../../include/glm/core/func_packing.hpp" />
		<Unit filename="../../include/glm/core/func_trigonometric.hpp" />
		<Unit filename="../../include/glm/core/func_vector_relational.hpp" />
		<Unit filename="../../include/glm/core/hint.hpp" />
		<Unit filename="../../include/glm/core/intrinsic_common.hpp" />
		<Unit filename="../../include/glm/core/intrinsic_exponential.hpp" />
		<Unit filename="../../include/glm/core/intrinsic_geometric.hpp" />
		<Unit filename="../../include/glm/core/intrinsic_matrix.hpp" />
		<Unit filename="../../include/glm/core/intrinsic_trigonometric.hpp" />
		<Unit filename="../../include/glm/core/intrinsic_vector_relational.hpp" />
		<Unit filename="../../include/glm/core/setup.hpp" />
		<Unit filename="../../include/glm/core/type.hpp" />
		<Unit filename="../../include/glm/core/type_float.hpp" />
		<Unit filename="../../include/glm/core/type_gentype.hpp" />
		<Unit filename="../../include/glm/core/type_half.hpp" />
		<Unit filename="../../include/glm/core/type_int.hpp" />
		<Unit filename="../../include/glm/core/type_mat.hpp" />
		<Unit filename="../../include/glm/core/type_mat2x2.hpp" />
		<Unit filename="../../include/glm/core/type_mat2x3.hpp" />
		<Unit filename="../../include/glm/core/type_mat2x4.hpp" />
		<Unit filename="../../include/glm/core/type_mat3x2.hpp" />
		<Unit filename="../../include/glm/core/type_mat3x3.hpp" />
		<Unit filename="../../include/glm/core/type_mat3x4.hpp" />
		<Unit filename="../../include/glm/core/type_mat4x2.hpp" />
		<Unit filename="../../include/glm/core/type_mat4x3.hpp" />
		<Unit filename="../../include/glm/core/type_mat4x4.hpp" />
		<Unit filename="../../include/glm/core/type_size.hpp" />
		<Unit filename="../../include/glm/core/type_vec.hpp" />
		<Unit filename="../../include/glm/core/type_vec1.hpp" />
		<Unit filename="../../include/glm/core/type_vec2.hpp" />
		<Unit filename="../../include/glm/core/type_vec3.hpp" />
		<Unit filename="../../include/glm/core/type_vec4.hpp" />
		<Unit filename="../../include/glm/ext.hpp" />
		<Unit filename="../../include/glm/glm.hpp" />
		<Unit filename="../../include/glm/gtc/constants.hpp" />
		<Unit filename="../../include/glm/gtc/epsilon.hpp" />
		<Unit filename="../../include/glm/gtc/half_float.hpp" />
		<Unit filename="../../include/glm/gtc/matrix_access.hpp" />
		<Unit filename="../../include/glm/gtc/matrix_integer.hpp" />
		<Unit filename="../../include/glm/gtc/matrix_inverse.hpp" />
		<Unit filename="../../include/glm/gtc/matrix_transform.hpp" />
		<Unit filename="../../include/glm/gtc/noise.hpp" />
		<Unit filename="../../include/glm/gtc/quaternion.hpp" />
		<Unit filename="../../include/glm/gtc/random.hpp" />
		<Unit filename="../../include/glm/gtc/reciprocal.hpp" />
		<Unit filename="../../include/glm/gtc/swizzle.hpp" />
		<Unit filename="../../include/glm/gtc/type_precision.hpp" />
		<Unit filename="../../include/glm/gtc/type_ptr.hpp" />
		<Unit filename="../../include/glm/gtc/ulp.hpp" />
		<Unit filename="../../include/glm/gtx/associated_min_max.hpp" />
		<Unit filename="../../include/glm/gtx/bit.hpp" />
		<Unit filename="../../include/glm/gtx/closest_point.hpp" />
		<Unit filename="../../include/glm/gtx/color_cast.hpp" />
		<Unit filename="../../include/glm/gtx/color_space.hpp" />
		<Unit filename="../../include/glm/gtx/color_space_YCoCg.hpp" />
		<Unit filename="../../include/glm/gtx/compatibility.hpp" />
		<Unit filename="../../include/glm/gtx/component_wise.hpp" />
		<Unit filename="../../include/glm/gtx/constants.hpp" />
		<Unit filename="../../include/glm/gtx/epsilon.hpp" />
		<Unit filename="../../include/glm/gtx/euler_angles.hpp" />
		<Unit filename="../../include/glm/gtx/extend.hpp" />
		<Unit filename="../../include/glm/gtx/extented_min_max.hpp" />
		<Unit filename="../../include/glm/gtx/fast_exponential.hpp" />
		<Unit filename="../../include/glm/gtx/fast_square_root.hpp" />
		<Unit filename="../../include/glm/gtx/fast_trigonometry.hpp" />
		<Unit filename="../../include/glm/gtx/gradient_paint.hpp" />
		<Unit filename="../../include/glm/gtx/handed_coordinate_space.hpp" />
		<Unit filename="../../include/glm/gtx/inertia.hpp" />
		<Unit filename="../../include/glm/gtx/int_10_10_10_2.hpp" />
		<Unit filename="../../include/glm/gtx/integer.hpp" />
		<Unit filename="../../include/glm/gtx/intersect.hpp" />
		<Unit filename="../../include/glm/gtx/log_base.hpp" />
		<Unit filename="../../include/glm/gtx/matrix_cross_product.hpp" />
		<Unit filename="../../include/glm/gtx/matrix_interpolation.hpp" />
		<Unit filename="../../include/glm/gtx/matrix_major_storage.hpp" />
		<Unit filename="../../include/glm/gtx/matrix_operation.hpp" />
		<Unit filename="../../include/glm/gtx/matrix_query.hpp" />
		<Unit filename="../../include/glm/gtx/mixed_product.hpp" />
		<Unit filename="../../include/glm/gtx/multiple.hpp" />
		<Unit filename="../../include/glm/gtx/noise.hpp" />
		<Unit filename="../../include/glm/gtx/norm.hpp" />
		<Unit filename="../../include/glm/gtx/normal.hpp" />
		<Unit filename="../../include/glm/gtx/normalize_dot.hpp" />
		<Unit filename="../../include/glm/gtx/number_precision.hpp" />
		<Unit filename="../../include/glm/gtx/ocl_type.hpp" />
		<Unit filename="../../include/glm/gtx/optimum_pow.hpp" />
		<Unit filename="../../include/glm/gtx/orthonormalize.hpp" />
		<Unit filename="../../include/glm/gtx/perpendicular.hpp" />
		<Unit filename="../../include/glm/gtx/polar_coordinates.hpp" />
		<Unit filename="../../include/glm/gtx/projection.hpp" />
		<Unit filename="../../include/glm/gtx/quaternion.hpp" />
		<Unit filename="../../include/glm/gtx/random.hpp" />
		<Unit filename="../../include/glm/gtx/raw_data.hpp" />
		<Unit filename="../../include/glm/gtx/reciprocal.hpp" />
		<Unit filename="../../include/glm/gtx/rotate_vector.hpp" />
		<Unit filename="../../include/glm/gtx/simd_mat4.hpp" />
		<Unit filename="../../include/glm/gtx/simd_vec4.hpp" />
		<Unit filename="../../include/glm/gtx/spline.hpp" />
		<Unit filename="../../include/glm/gtx/std_based_type.hpp" />
		<Unit filename="../../include/glm/gtx/string_cast.hpp" />
		<Unit filename="../../include/glm/gtx/transform.hpp" />
		<Unit filename="../../include/glm/gtx/transform2.hpp" />
		<Unit filename="../../include/glm/gtx/ulp.hpp" />
		<Unit filename="../../include/glm/gtx/unsigned_int.hpp" />
		<Unit filename="../../include/glm/gtx/vec1.hpp" />
		<Unit filename="../../include/glm/gtx/vector_access.hpp" />
		<Unit filename="../../include/glm/gtx/vector_angle.hpp" />
		<Unit filename="../../include/glm/gtx/vector_query.hpp" />
		<Unit filename="../../include/glm/gtx/verbose_operator.hpp" />
		<Unit filename="../../include/glm/gtx/wrap.hpp" />
		<Unit filename="../../include/glm/virtrev/xstream.hpp" />
		<Unit filename="../../include/sgct.h" />
		<Unit filename="../../include/sgct/ClusterManager.h" />
		<Unit filename="../../include/sgct/CorrectionMesh.h" />
		<Unit filename="../../include/sgct/Engine.h" />
		<Unit filename="../../include/sgct/Font.h" />
		<Unit filename="../../include/sgct/FontManager.h" />
		<Unit filename="../../include/sgct/Frustum.h" />
		<Unit filename="../../include/sgct/Image.h" />
		<Unit filename="../../include/sgct/MessageHandler.h" />
		<Unit filename="../../include/sgct/NetworkManager.h" />
		<Unit filename="../../include/sgct/ReadConfig.h" />
		<Unit filename="../../include/sgct/SGCTInternalShaders.h" />
		<Unit filename="../../include/sgct/SGCTNetwork.h" />
		<Unit filename="../../include/sgct/SGCTNode.h" />
		<Unit filename="../../include/sgct/SGCTSettings.h" />
		<Unit filename="../../include/sgct/SGCTTracker.h" />
		<Unit filename="../../include/sgct/SGCTTrackingDevice.h" />
		<Unit filename="../../include/sgct/SGCTTrackingManager.h" />
		<Unit filename="../../include/sgct/SGCTUser.h" />
		<Unit filename="../../include/sgct/SGCTVersion.h" />
		<Unit filename="../../include/sgct/SGCTWindow.h" />
		<Unit filename="../../include/sgct/Shader.h" />
		<Unit filename="../../include/sgct/ShaderManager.h" />
		<Unit filename="../../include/sgct/ShaderProgram.h" />
		<Unit filename="../../include/sgct/SharedData.h" />
		<Unit filename="../../include/sgct/Statistics.h" />
		<Unit filename="../../include/sgct/TextureManager.h" />
		<Unit filename="../../include/sgct/Viewport.h" />
		<Unit filename="../../include/sgct/freetype.h" />
		<Unit filename="../../include/sgct/helpers/SGCTVertexData.h" />
		<Unit filename="../../include/sgct/ogl_headers.h" />
		<Unit filename="../../include/sgct/utils/SGCTBox.h" />
		<Unit filename="../../include/sgct/utils/SGCTDome.h" />
		<Unit filename="../../include/sgct/utils/SGCTSphere.h" />
		<Unit filename="../../include/vrpn/jni_layer.h" />
		<Unit filename="../../include/vrpn/vrpn_3DConnexion.h" />
		<Unit filename="../../include/vrpn/vrpn_3DMicroscribe.h" />
		<Unit filename="../../include/vrpn/vrpn_3Space.h" />
		<Unit filename="../../include/vrpn/vrpn_5DT16.h" />
		<Unit filename="../../include/vrpn/vrpn_ADBox.h" />
		<Unit filename="../../include/vrpn/vrpn_Analog.h" />
		<Unit filename="../../include/vrpn/vrpn_Analog_5dt.h" />
		<Unit filename="../../include/vrpn/vrpn_Analog_5dtUSB.h" />
		<Unit filename="../../include/vrpn/vrpn_Analog_Output.h" />
		<Unit filename="../../include/vrpn/vrpn_Analog_Radamec_SPI.h" />
		<Unit filename="../../include/vrpn/vrpn_Analog_USDigital_A2.h" />
		<Unit filename="../../include/vrpn/vrpn_Android.h" />
		<Unit filename="../../include/vrpn/vrpn_Atmel.h" />
		<Unit filename="../../include/vrpn/vrpn_Auxiliary_Logger.h" />
		<Unit filename="../../include/vrpn/vrpn_BaseClass.h" />
		<Unit filename="../../include/vrpn/vrpn_BufferUtils.h" />
		<Unit filename="../../include/vrpn/vrpn_Button.h" />
		<Unit filename="../../include/vrpn/vrpn_Button_NI_DIO24.h" />
		<Unit filename="../../include/vrpn/vrpn_Button_USB.h" />
		<Unit filename="../../include/vrpn/vrpn_CerealBox.h" />
		<Unit filename="../../include/vrpn/vrpn_Configure.h" />
		<Unit filename="../../include/vrpn/vrpn_Connection.h" />
		<Unit filename="../../include/vrpn/vrpn_Dial.h" />
		<Unit filename="../../include/vrpn/vrpn_DirectXFFJoystick.h" />
		<Unit filename="../../include/vrpn/vrpn_DirectXRumblePad.h" />
		<Unit filename="../../include/vrpn/vrpn_DreamCheeky.h" />
		<Unit filename="../../include/vrpn/vrpn_Dyna.h" />
		<Unit filename="../../include/vrpn/vrpn_Event.h" />
		<Unit filename="../../include/vrpn/vrpn_Event_Analog.h" />
		<Unit filename="../../include/vrpn/vrpn_Event_Mouse.h" />
		<Unit filename="../../include/vrpn/vrpn_FileConnection.h" />
		<Unit filename="../../include/vrpn/vrpn_FileController.h" />
		<Unit filename="../../include/vrpn/vrpn_Flock.h" />
		<Unit filename="../../include/vrpn/vrpn_Flock_Parallel.h" />
		<Unit filename="../../include/vrpn/vrpn_ForceDevice.h" />
		<Unit filename="../../include/vrpn/vrpn_ForceDeviceServer.h" />
		<Unit filename="../../include/vrpn/vrpn_Forwarder.h" />
		<Unit filename="../../include/vrpn/vrpn_ForwarderController.h" />
		<Unit filename="../../include/vrpn/vrpn_Freespace.h" />
		<Unit filename="../../include/vrpn/vrpn_FunctionGenerator.h" />
		<Unit filename="../../include/vrpn/vrpn_Generic_server_object.h" />
		<Unit filename="../../include/vrpn/vrpn_GlobalHapticsOrb.h" />
		<Unit filename="../../include/vrpn/vrpn_HashST.h" />
		<Unit filename="../../include/vrpn/vrpn_HumanInterface.h" />
		<Unit filename="../../include/vrpn/vrpn_Imager.h" />
		<Unit filename="../../include/vrpn/vrpn_Imager_Stream_Buffer.h" />
		<Unit filename="../../include/vrpn/vrpn_ImmersionBox.h" />
		<Unit filename="../../include/vrpn/vrpn_JoyFly.h" />
		<Unit filename="../../include/vrpn/vrpn_Joylin.h" />
		<Unit filename="../../include/vrpn/vrpn_Joywin32.h" />
		<Unit filename="../../include/vrpn/vrpn_Keyboard.h" />
		<Unit filename="../../include/vrpn/vrpn_LUDL.h" />
		<Unit filename="../../include/vrpn/vrpn_LamportClock.h" />
		<Unit filename="../../include/vrpn/vrpn_Log.h" />
		<Unit filename="../../include/vrpn/vrpn_Magellan.h" />
		<Unit filename="../../include/vrpn/vrpn_MainloopContainer.h" />
		<Unit filename="../../include/vrpn/vrpn_MainloopObject.h" />
		<Unit filename="../../include/vrpn/vrpn_Mouse.h" />
		<Unit filename="../../include/vrpn/vrpn_Mutex.h" />
		<Unit filename="../../include/vrpn/vrpn_NationalInstruments.h" />
		<Unit filename="../../include/vrpn/vrpn_Nidaq.h" />
		<Unit filename="../../include/vrpn/vrpn_Poser.h" />
		<Unit filename="../../include/vrpn/vrpn_Poser_Analog.h" />
		<Unit filename="../../include/vrpn/vrpn_Poser_Tek4662.h" />
		<Unit filename="../../include/vrpn/vrpn_RedundantTransmission.h" />
		<Unit filename="../../include/vrpn/vrpn_SendTextMessageStreamProxy.h" />
		<Unit filename="../../include/vrpn/vrpn_Serial.h" />
		<Unit filename="../../include/vrpn/vrpn_Shared.h" />
		<Unit filename="../../include/vrpn/vrpn_SharedObject.h" />
		<Unit filename="../../include/vrpn/vrpn_Sound.h" />
		<Unit filename="../../include/vrpn/vrpn_Spaceball.h" />
		<Unit filename="../../include/vrpn/vrpn_Text.h" />
		<Unit filename="../../include/vrpn/vrpn_Tng3.h" />
		<Unit filename="../../include/vrpn/vrpn_Tracker.h" />
		<Unit filename="../../include/vrpn/vrpn_Tracker_3DMouse.h" />
		<Unit filename="../../include/vrpn/vrpn_Tracker_AnalogFly.h" />
		<Unit filename="../../include/vrpn/vrpn_Tracker_ButtonFly.h" />
		<Unit filename="../../include/vrpn/vrpn_Tracker_Crossbow.h" />
		<Unit filename="../../include/vrpn/vrpn_Tracker_DTrack.h" />
		<Unit filename="../../include/vrpn/vrpn_Tracker_Fastrak.h" />
		<Unit filename="../../include/vrpn/vrpn_Tracker_GPS.h" />
		<Unit filename="../../include/vrpn/vrpn_Tracker_GameTrak.h" />
		<Unit filename="../../include/vrpn/vrpn_Tracker_Isotrak.h" />
		<Unit filename="../../include/vrpn/vrpn_Tracker_JsonNet.h" />
		<Unit filename="../../include/vrpn/vrpn_Tracker_Liberty.h" />
		<Unit filename="../../include/vrpn/vrpn_Tracker_MotionNode.h" />
		<Unit filename="../../include/vrpn/vrpn_Tracker_NDI_Polaris.h" />
		<Unit filename="../../include/vrpn/vrpn_Tracker_NovintFalcon.h" />
		<Unit filename="../../include/vrpn/vrpn_Tracker_PhaseSpace.h" />
		<Unit filename="../../include/vrpn/vrpn_Tracker_RazerHydra.h" />
		<Unit filename="../../include/vrpn/vrpn_Tracker_SpacePoint.h" />
		<Unit filename="../../include/vrpn/vrpn_Tracker_TrivisioColibri.h" />
		<Unit filename="../../include/vrpn/vrpn_Tracker_ViewPoint.h" />
		<Unit filename="../../include/vrpn/vrpn_Tracker_WiimoteHead.h" />
		<Unit filename="../../include/vrpn/vrpn_Tracker_isense.h" />
		<Unit filename="../../include/vrpn/vrpn_Tracker_zSight.h" />
		<Unit filename="../../include/vrpn/vrpn_Types.h" />
		<Unit filename="../../include/vrpn/vrpn_UNC_Joystick.h" />
		<Unit filename="../../include/vrpn/vrpn_VPJoystick.h" />
		<Unit filename="../../include/vrpn/vrpn_Wanda.h" />
		<Unit filename="../../include/vrpn/vrpn_WiiMote.h" />
		<Unit filename="../../include/vrpn/vrpn_XInputGamepad.h" />
		<Unit filename="../../include/vrpn/vrpn_Xkeys.h" />
		<Unit filename="../../include/vrpn/vrpn_Zaber.h" />
		<Unit filename="../../include/vrpn/vrpn_inertiamouse.h" />
		<Unit filename="../../include/vrpn/vrpn_nikon_controls.h" />
		<Unit filename="../../include/vrpn/vrpn_raw_sgibox.h" />
		<Unit filename="../../include/vrpn/vrpn_sgibox.h" />
		<Unit filename="../sgct/ClusterManager.cpp" />
		<Unit filename="../sgct/CorrectionMesh.cpp" />
		<Unit filename="../sgct/Engine.cpp" />
		<Unit filename="../sgct/Font.cpp" />
		<Unit filename="../sgct/FontManager.cpp" />
		<Unit filename="../sgct/Image.cpp" />
		<Unit filename="../sgct/MessageHandler.cpp" />
		<Unit filename="../sgct/NetworkManager.cpp" />
		<Unit filename="../sgct/ReadConfig.cpp" />
		<Unit filename="../sgct/SGCTNetwork.cpp" />
		<Unit filename="../sgct/SGCTNode.cpp" />
		<Unit filename="../sgct/SGCTSettings.cpp" />
		<Unit filename="../sgct/SGCTTracker.cpp" />
		<Unit filename="../sgct/SGCTTrackingDevice.cpp" />
		<Unit filename="../sgct/SGCTTrackingManager.cpp" />
		<Unit filename="../sgct/SGCTUser.cpp" />
		<Unit filename="../sgct/SGCTVersion.cpp" />
		<Unit filename="../sgct/SGCTWindow.cpp" />
		<Unit filename="../sgct/Shader.cpp" />
		<Unit filename="../sgct/ShaderManager.cpp" />
		<Unit filename="../sgct/ShaderProgram.cpp" />
		<Unit filename="../sgct/SharedData.cpp" />
		<Unit filename="../sgct/Statistics.cpp" />
		<Unit filename="../sgct/TextureManager.cpp" />
		<Unit filename="../sgct/Viewport.cpp" />
		<Unit filename="../sgct/freetype.cpp" />
		<Unit filename="../sgct/utils/SGCTBox.cpp" />
		<Unit filename="../sgct/utils/SGCTDome.cpp" />
		<Unit filename="../sgct/utils/SGCTSphere.cpp" />
		<Extensions>
			<code_completion />
			<envvars />
			<debugger />
			<lib_finder disable_auto="1" />
		</Extensions>
	</Project>
</CodeBlocks_project_file>
