<?xml version="1.0" encoding="utf-8"?>
<Project ToolsVersion="4.0" xmlns="http://schemas.microsoft.com/developer/msbuild/2003">
  <ItemGroup>
    <Filter Include="include">
      <UniqueIdentifier>{6c5bee5e-5f9d-4304-a0c2-d083fb9f2593}</UniqueIdentifier>
    </Filter>
    <Filter Include="include\helpers">
      <UniqueIdentifier>{af5203e3-62b5-4129-916b-9e9c8036e1d6}</UniqueIdentifier>
    </Filter>
    <Filter Include="include\utils">
      <UniqueIdentifier>{c6d4c91d-2cf2-48a3-b7b5-3beb28f43de0}</UniqueIdentifier>
    </Filter>
    <Filter Include="source">
      <UniqueIdentifier>{46425d0e-272b-4ea4-93e8-415c2c8abf7e}</UniqueIdentifier>
    </Filter>
    <Filter Include="source\utils">
      <UniqueIdentifier>{634f2ef3-01cf-4e13-a065-7a20d18bd334}</UniqueIdentifier>
    </Filter>
  </ItemGroup>
  <ItemGroup>
    <ClInclude Include="..\..\include\sgct.h">
      <Filter>include</Filter>
    </ClInclude>
    <ClInclude Include="..\..\include\sgct\ClusterManager.h">
      <Filter>include</Filter>
    </ClInclude>
    <ClInclude Include="..\..\include\sgct\CorrectionMesh.h">
      <Filter>include</Filter>
    </ClInclude>
    <ClInclude Include="..\..\include\sgct\Engine.h">
      <Filter>include</Filter>
    </ClInclude>
    <ClInclude Include="..\..\include\sgct\Font.h">
      <Filter>include</Filter>
    </ClInclude>
    <ClInclude Include="..\..\include\sgct\FontManager.h">
      <Filter>include</Filter>
    </ClInclude>
    <ClInclude Include="..\..\include\sgct\freetype.h">
      <Filter>include</Filter>
    </ClInclude>
    <ClInclude Include="..\..\include\sgct\Frustum.h">
      <Filter>include</Filter>
    </ClInclude>
    <ClInclude Include="..\..\include\sgct\Image.h">
      <Filter>include</Filter>
    </ClInclude>
    <ClInclude Include="..\..\include\sgct\MessageHandler.h">
      <Filter>include</Filter>
    </ClInclude>
    <ClInclude Include="..\..\include\sgct\NetworkManager.h">
      <Filter>include</Filter>
    </ClInclude>
    <ClInclude Include="..\..\include\sgct\ogl_headers.h">
      <Filter>include</Filter>
    </ClInclude>
    <ClInclude Include="..\..\include\sgct\ReadConfig.h">
      <Filter>include</Filter>
    </ClInclude>
    <ClInclude Include="..\..\include\sgct\SGCTInternalShaders.h">
      <Filter>include</Filter>
    </ClInclude>
    <ClInclude Include="..\..\include\sgct\SGCTNetwork.h">
      <Filter>include</Filter>
    </ClInclude>
    <ClInclude Include="..\..\include\sgct\SGCTNode.h">
      <Filter>include</Filter>
    </ClInclude>
    <ClInclude Include="..\..\include\sgct\SGCTSettings.h">
      <Filter>include</Filter>
    </ClInclude>
    <ClInclude Include="..\..\include\sgct\SGCTTracker.h">
      <Filter>include</Filter>
    </ClInclude>
    <ClInclude Include="..\..\include\sgct\SGCTTrackingDevice.h">
      <Filter>include</Filter>
    </ClInclude>
    <ClInclude Include="..\..\include\sgct\SGCTTrackingManager.h">
      <Filter>include</Filter>
    </ClInclude>
    <ClInclude Include="..\..\include\sgct\SGCTUser.h">
      <Filter>include</Filter>
    </ClInclude>
    <ClInclude Include="..\..\include\sgct\SGCTVersion.h">
      <Filter>include</Filter>
    </ClInclude>
    <ClInclude Include="..\..\include\sgct\SGCTWindow.h">
      <Filter>include</Filter>
    </ClInclude>
    <ClInclude Include="..\..\include\sgct\Shader.h">
      <Filter>include</Filter>
    </ClInclude>
    <ClInclude Include="..\..\include\sgct\ShaderManager.h">
      <Filter>include</Filter>
    </ClInclude>
    <ClInclude Include="..\..\include\sgct\ShaderProgram.h">
      <Filter>include</Filter>
    </ClInclude>
    <ClInclude Include="..\..\include\sgct\SharedData.h">
      <Filter>include</Filter>
    </ClInclude>
    <ClInclude Include="..\..\include\sgct\Statistics.h">
      <Filter>include</Filter>
    </ClInclude>
    <ClInclude Include="..\..\include\sgct\TextureManager.h">
      <Filter>include</Filter>
    </ClInclude>
    <ClInclude Include="..\..\include\sgct\Viewport.h">
      <Filter>include</Filter>
    </ClInclude>
    <ClInclude Include="..\..\include\sgct\helpers\SGCTVertexData.h">
      <Filter>include\helpers</Filter>
    </ClInclude>
    <ClInclude Include="..\..\include\sgct\utils\SGCTBox.h">
      <Filter>include\utils</Filter>
    </ClInclude>
    <ClInclude Include="..\..\include\sgct\utils\SGCTDome.h">
      <Filter>include\utils</Filter>
    </ClInclude>
    <ClInclude Include="..\..\include\sgct\utils\SGCTSphere.h">
      <Filter>include\utils</Filter>
    </ClInclude>
    <ClInclude Include="..\..\include\sgct\OffScreenBuffer.h">
      <Filter>include</Filter>
    </ClInclude>
    <ClInclude Include="..\..\include\sgct\ScreenCapture.h">
      <Filter>include</Filter>
    </ClInclude>
    <ClInclude Include="..\..\include\sgct\SGCTInternalShaders_modern.h">
      <Filter>include</Filter>
    </ClInclude>
    <ClInclude Include="..\..\include\sgct\SGCTMutexManager.h">
      <Filter>include</Filter>
    </ClInclude>
    <ClInclude Include="..\..\include\sgct\SharedDataTypes.h">
      <Filter>include</Filter>
    </ClInclude>
  </ItemGroup>
  <ItemGroup>
    <ClCompile Include="..\sgct\ClusterManager.cpp">
      <Filter>source</Filter>
    </ClCompile>
    <ClCompile Include="..\sgct\CorrectionMesh.cpp">
      <Filter>source</Filter>
    </ClCompile>
    <ClCompile Include="..\sgct\Engine.cpp">
      <Filter>source</Filter>
    </ClCompile>
    <ClCompile Include="..\sgct\Font.cpp">
      <Filter>source</Filter>
    </ClCompile>
    <ClCompile Include="..\sgct\FontManager.cpp">
      <Filter>source</Filter>
    </ClCompile>
    <ClCompile Include="..\sgct\freetype.cpp">
      <Filter>source</Filter>
    </ClCompile>
    <ClCompile Include="..\sgct\Image.cpp">
      <Filter>source</Filter>
    </ClCompile>
    <ClCompile Include="..\sgct\MessageHandler.cpp">
      <Filter>source</Filter>
    </ClCompile>
    <ClCompile Include="..\sgct\NetworkManager.cpp">
      <Filter>source</Filter>
    </ClCompile>
    <ClCompile Include="..\sgct\ReadConfig.cpp">
      <Filter>source</Filter>
    </ClCompile>
    <ClCompile Include="..\sgct\SGCTNetwork.cpp">
      <Filter>source</Filter>
    </ClCompile>
    <ClCompile Include="..\sgct\SGCTNode.cpp">
      <Filter>source</Filter>
    </ClCompile>
    <ClCompile Include="..\sgct\SGCTSettings.cpp">
      <Filter>source</Filter>
    </ClCompile>
    <ClCompile Include="..\sgct\SGCTTracker.cpp">
      <Filter>source</Filter>
    </ClCompile>
    <ClCompile Include="..\sgct\SGCTTrackingDevice.cpp">
      <Filter>source</Filter>
    </ClCompile>
    <ClCompile Include="..\sgct\SGCTTrackingManager.cpp">
      <Filter>source</Filter>
    </ClCompile>
    <ClCompile Include="..\sgct\SGCTUser.cpp">
      <Filter>source</Filter>
    </ClCompile>
    <ClCompile Include="..\sgct\SGCTVersion.cpp">
      <Filter>source</Filter>
    </ClCompile>
    <ClCompile Include="..\sgct\SGCTWindow.cpp">
      <Filter>source</Filter>
    </ClCompile>
    <ClCompile Include="..\sgct\Shader.cpp">
      <Filter>source</Filter>
    </ClCompile>
    <ClCompile Include="..\sgct\ShaderManager.cpp">
      <Filter>source</Filter>
    </ClCompile>
    <ClCompile Include="..\sgct\ShaderProgram.cpp">
      <Filter>source</Filter>
    </ClCompile>
    <ClCompile Include="..\sgct\SharedData.cpp">
      <Filter>source</Filter>
    </ClCompile>
    <ClCompile Include="..\sgct\Statistics.cpp">
      <Filter>source</Filter>
    </ClCompile>
    <ClCompile Include="..\sgct\TextureManager.cpp">
      <Filter>source</Filter>
    </ClCompile>
    <ClCompile Include="..\sgct\Viewport.cpp">
      <Filter>source</Filter>
    </ClCompile>
    <ClCompile Include="..\sgct\utils\SGCTBox.cpp">
      <Filter>source\utils</Filter>
    </ClCompile>
    <ClCompile Include="..\sgct\utils\SGCTDome.cpp">
      <Filter>source\utils</Filter>
    </ClCompile>
    <ClCompile Include="..\sgct\utils\SGCTSphere.cpp">
      <Filter>source\utils</Filter>
    </ClCompile>
    <ClCompile Include="..\sgct\OffScreenBuffer.cpp">
      <Filter>source</Filter>
    </ClCompile>
    <ClCompile Include="..\sgct\ScreenCapture.cpp">
      <Filter>source</Filter>
    </ClCompile>
    <ClCompile Include="..\sgct\SGCTMutexManager.cpp">
      <Filter>source</Filter>
    </ClCompile>
    <ClCompile Include="..\sgct\SharedDataTypes.cpp">
      <Filter>source</Filter>
    </ClCompile>
  </ItemGroup>
</Project>